{
  "version": 4,
  "terraform_version": "1.5.7",
  "serial": 55,
  "lineage": "32bcabe0-a034-83fc-6026-f226af7514ef",
  "outputs": {
    "Cluster": {
      "value": {
        "id": "ocid1.cluster.oc1.uk-london-1.aaaaaaaamrvxggw6cc5wl4jn5hk44sfs5hthxespc72txfw5zccekgbjzemq",
        "kubernetes_version": "v1.30.1",
        "name": "OKE_Cluster"
      },
      "type": [
        "object",
        {
          "id": "string",
          "kubernetes_version": "string",
          "name": "string"
        }
      ]
    },
    "KubeConfig": {
      "value": "---\napiVersion: v1\nkind: \"\"\nclusters:\n- name: cluster-ccekgbjzemq\n  cluster:\n    server: https://10.0.3.97:6443\n    certificate-authority-data: LS0tLS1CRUdJTiBDRVJUSUZJQ0FURS0tLS0tCk1JSURpVENDQW5HZ0F3SUJBZ0lSQU50eEZkWkV0cHNQUmRzdTJYeGpCbkF3RFFZSktvWklodmNOQVFFTEJRQXcKWGpFUE1BMEdBMVVFQXd3R1N6aHpJRU5CTVFzd0NRWURWUVFHRXdKVlV6RVBNQTBHQTFVRUJ3d0dRWFZ6ZEdsdQpNUTh3RFFZRFZRUUtEQVpQY21GamJHVXhEREFLQmdOVkJBc01BMDlqYVRFT01Bd0dBMVVFQ0F3RlZHVjRZWE13CkhoY05NalF4TVRBeE1UTTFPREU1V2hjTk1qa3hNVEF4TVRNMU9ERTVXakJlTVE4d0RRWURWUVFEREFaTE9ITWcKUTBFeEN6QUpCZ05WQkFZVEFsVlRNUTh3RFFZRFZRUUhEQVpCZFhOMGFXNHhEekFOQmdOVkJBb01Cazl5WVdOcwpaVEVNTUFvR0ExVUVDd3dEVDJOcE1RNHdEQVlEVlFRSURBVlVaWGhoY3pDQ0FTSXdEUVlKS29aSWh2Y05BUUVCCkJRQURnZ0VQQURDQ0FRb0NnZ0VCQVBDaHk1clpib1lLV0s5cEEwNzBRTml6TXY3UFBwZjUzZndEUXI5UlZKcGYKVE9wY1d1bEdVVFlscUM2UGFrRjlIbm4vZktNcmx0dVVMOWFmdTZNMjh6YlJBUjRaQmVORXJFNjRJcjVnQ1RmRgpYT0JPK241cml2eVRwcnBTbjJYUUgvNnpXdUQ4K2ZOcE05Skl1WWlNTWRRS0tzOGtZZXpFUTZTWUFWb00zMHFRCnhLaVUwaVZiZ09KRllHRThheStlNDFid3BxVkR4alY3TnNYNjE2a29LblJ6NXJ6cW1zdlRzUzk5bDJVcE5OZzMKc0JrbExFYk1VbVh2Qjd2SCtoRnNCY2ZCQWtvbEw4UFAvMkdtVEpvMU1Nend5U1NrKy9pYkNnZGZzNGdGdlN5dgo1WkdMME1lUWFNVllnMy9iQ1ExbTdDanZnemw2cEx2UjhaTlMzY2pyaWVjQ0F3RUFBYU5DTUVBd0R3WURWUjBUCkFRSC9CQVV3QXdFQi96QU9CZ05WSFE4QkFmOEVCQU1DQVFZd0hRWURWUjBPQkJZRUZDRHlWWkkxVS9iVmpoT2oKRm56Uk5rUzExZlowTUEwR0NTcUdTSWIzRFFFQkN3VUFBNElCQVFBcVNqWkl6SzdMZ1paQnFtejlWNGxUeE9OZQpYYVRmeVlTNHN5UHBLR1NPMkMxQ09YWXZrKzBHT1Q4RE9TMEdvZXQ1S0JRSWlWQmxaTXJkdDdTOXR2ZHBJUEIvCm5NeXBaT1JHZW1keGRpek5kM3ErZ2lQdEV1aXZBUE5iTUMrSEV2REpHZkxSRUE4MURPaUR3ajB4aHBsVHk3MFYKVjA5ZmFncGxQSE5obWhYY01UWXBJYnMwVmRSTUpnbTFuNG5td0kxM0h3KzZ6WDRWZ1hucDVWemxYYmgwKzg0WQpFaGlUTmRpZmQ0a0ZDdUQwQS80cTkvNDErcERkR25oQS9JZm0vMThGdDVsZEh2T21DbFNiNEY2d0xpcmxCMys2CmhKeFJuRklpY09UVm5xYTBHMzRIN3QrRDdsZTdIeDVPc2MvWllqSlpKK0pGMUVZeGxwQUdONnNEaTc4SAotLS0tLUVORCBDRVJUSUZJQ0FURS0tLS0tCg==\nusers:\n- name: user-ccekgbjzemq\n  user:\n    exec:\n      apiVersion: client.authentication.k8s.io/v1beta1\n      command: oci\n      args:\n      - ce\n      - cluster\n      - generate-token\n      - --cluster-id\n      - ocid1.cluster.oc1.uk-london-1.aaaaaaaamrvxggw6cc5wl4jn5hk44sfs5hthxespc72txfw5zccekgbjzemq\n      - --region\n      - uk-london-1\n      env: []\ncontexts:\n- name: context-ccekgbjzemq\n  context:\n    cluster: cluster-ccekgbjzemq\n    user: user-ccekgbjzemq\ncurrent-context: context-ccekgbjzemq\n",
      "type": "string"
    },
    "NodePool": {
      "value": {
        "id": "ocid1.nodepool.oc1.uk-london-1.aaaaaaaawo4pylqeikrhjahctfmsqv6ej3tjgwr5wz3do4k7un62ujcycmsq",
        "kubernetes_version": "v1.30.1",
        "name": "Demo_Node_Pool"
      },
      "type": [
        "object",
        {
          "id": "string",
          "kubernetes_version": "string",
          "name": "string"
        }
      ]
    }
  },
  "resources": [
    {
      "module": "module.oci-oke",
      "mode": "data",
      "type": "oci_containerengine_cluster_kube_config",
      "name": "KubeConfig",
      "provider": "provider[\"registry.terraform.io/hashicorp/oci\"]",
      "instances": [
        {
          "schema_version": 0,
          "attributes": {
            "cluster_id": "ocid1.cluster.oc1.uk-london-1.aaaaaaaamrvxggw6cc5wl4jn5hk44sfs5hthxespc72txfw5zccekgbjzemq",
            "content": "---\napiVersion: v1\nkind: \"\"\nclusters:\n- name: cluster-ccekgbjzemq\n  cluster:\n    server: https://10.0.3.97:6443\n    certificate-authority-data: LS0tLS1CRUdJTiBDRVJUSUZJQ0FURS0tLS0tCk1JSURpVENDQW5HZ0F3SUJBZ0lSQU50eEZkWkV0cHNQUmRzdTJYeGpCbkF3RFFZSktvWklodmNOQVFFTEJRQXcKWGpFUE1BMEdBMVVFQXd3R1N6aHpJRU5CTVFzd0NRWURWUVFHRXdKVlV6RVBNQTBHQTFVRUJ3d0dRWFZ6ZEdsdQpNUTh3RFFZRFZRUUtEQVpQY21GamJHVXhEREFLQmdOVkJBc01BMDlqYVRFT01Bd0dBMVVFQ0F3RlZHVjRZWE13CkhoY05NalF4TVRBeE1UTTFPREU1V2hjTk1qa3hNVEF4TVRNMU9ERTVXakJlTVE4d0RRWURWUVFEREFaTE9ITWcKUTBFeEN6QUpCZ05WQkFZVEFsVlRNUTh3RFFZRFZRUUhEQVpCZFhOMGFXNHhEekFOQmdOVkJBb01Cazl5WVdOcwpaVEVNTUFvR0ExVUVDd3dEVDJOcE1RNHdEQVlEVlFRSURBVlVaWGhoY3pDQ0FTSXdEUVlKS29aSWh2Y05BUUVCCkJRQURnZ0VQQURDQ0FRb0NnZ0VCQVBDaHk1clpib1lLV0s5cEEwNzBRTml6TXY3UFBwZjUzZndEUXI5UlZKcGYKVE9wY1d1bEdVVFlscUM2UGFrRjlIbm4vZktNcmx0dVVMOWFmdTZNMjh6YlJBUjRaQmVORXJFNjRJcjVnQ1RmRgpYT0JPK241cml2eVRwcnBTbjJYUUgvNnpXdUQ4K2ZOcE05Skl1WWlNTWRRS0tzOGtZZXpFUTZTWUFWb00zMHFRCnhLaVUwaVZiZ09KRllHRThheStlNDFid3BxVkR4alY3TnNYNjE2a29LblJ6NXJ6cW1zdlRzUzk5bDJVcE5OZzMKc0JrbExFYk1VbVh2Qjd2SCtoRnNCY2ZCQWtvbEw4UFAvMkdtVEpvMU1Nend5U1NrKy9pYkNnZGZzNGdGdlN5dgo1WkdMME1lUWFNVllnMy9iQ1ExbTdDanZnemw2cEx2UjhaTlMzY2pyaWVjQ0F3RUFBYU5DTUVBd0R3WURWUjBUCkFRSC9CQVV3QXdFQi96QU9CZ05WSFE4QkFmOEVCQU1DQVFZd0hRWURWUjBPQkJZRUZDRHlWWkkxVS9iVmpoT2oKRm56Uk5rUzExZlowTUEwR0NTcUdTSWIzRFFFQkN3VUFBNElCQVFBcVNqWkl6SzdMZ1paQnFtejlWNGxUeE9OZQpYYVRmeVlTNHN5UHBLR1NPMkMxQ09YWXZrKzBHT1Q4RE9TMEdvZXQ1S0JRSWlWQmxaTXJkdDdTOXR2ZHBJUEIvCm5NeXBaT1JHZW1keGRpek5kM3ErZ2lQdEV1aXZBUE5iTUMrSEV2REpHZkxSRUE4MURPaUR3ajB4aHBsVHk3MFYKVjA5ZmFncGxQSE5obWhYY01UWXBJYnMwVmRSTUpnbTFuNG5td0kxM0h3KzZ6WDRWZ1hucDVWemxYYmgwKzg0WQpFaGlUTmRpZmQ0a0ZDdUQwQS80cTkvNDErcERkR25oQS9JZm0vMThGdDVsZEh2T21DbFNiNEY2d0xpcmxCMys2CmhKeFJuRklpY09UVm5xYTBHMzRIN3QrRDdsZTdIeDVPc2MvWllqSlpKK0pGMUVZeGxwQUdONnNEaTc4SAotLS0tLUVORCBDRVJUSUZJQ0FURS0tLS0tCg==\nusers:\n- name: user-ccekgbjzemq\n  user:\n    exec:\n      apiVersion: client.authentication.k8s.io/v1beta1\n      command: oci\n      args:\n      - ce\n      - cluster\n      - generate-token\n      - --cluster-id\n      - ocid1.cluster.oc1.uk-london-1.aaaaaaaamrvxggw6cc5wl4jn5hk44sfs5hthxespc72txfw5zccekgbjzemq\n      - --region\n      - uk-london-1\n      env: []\ncontexts:\n- name: context-ccekgbjzemq\n  context:\n    cluster: cluster-ccekgbjzemq\n    user: user-ccekgbjzemq\ncurrent-context: context-ccekgbjzemq\n",
            "endpoint": null,
            "expiration": null,
            "id": "ContainerengineClusterKubeConfigDataSource-1102635059",
            "token_version": "2.0.0"
          },
          "sensitive_attributes": []
        }
      ]
    },
    {
      "module": "module.oci-oke",
      "mode": "data",
      "type": "oci_containerengine_cluster_option",
      "name": "oci_oke_cluster_option",
      "provider": "provider[\"registry.terraform.io/hashicorp/oci\"]",
      "instances": [
        {
          "schema_version": 0,
          "attributes": {
            "cluster_option_id": "all",
            "cluster_pod_network_options": [
              {
                "cni_type": "OCI_VCN_IP_NATIVE"
              },
              {
                "cni_type": "FLANNEL_OVERLAY"
              }
            ],
            "compartment_id": null,
            "id": "ContainerengineClusterOptionDataSource-1870923232",
            "kubernetes_versions": [
              "v1.28.2",
              "v1.28.10",
              "v1.29.1",
              "v1.30.1"
            ]
          },
          "sensitive_attributes": []
        }
      ]
    },
    {
      "module": "module.oci-oke",
      "mode": "data",
      "type": "oci_containerengine_node_pool_option",
      "name": "oci_oke_node_pool_option",
      "provider": "provider[\"registry.terraform.io/hashicorp/oci\"]",
      "instances": [
        {
          "schema_version": 0,
          "attributes": {
            "compartment_id": null,
            "id": "ContainerengineNodePoolOptionDataSource-1870923232",
            "images": [
              "Oracle-Linux-7.4",
              "Oracle-Linux-7.5",
              "Oracle-Linux-7.6"
            ],
            "kubernetes_versions": [
              "v1.28.2",
              "v1.28.10",
              "v1.29.1",
              "v1.30.1"
            ],
            "node_pool_option_id": "all",
            "shapes": [
              "BM.Standard.A1.160",
              "BM.Standard.E2.64",
              "BM.Standard.E3.128",
              "BM.Standard.E4.128",
              "BM.Standard.E5.192",
              "BM.Standard2.52",
              "BM.Standard3.64",
              "VM.Standard.A1.Flex",
              "VM.Standard.E2.1",
              "VM.Standard.E2.2",
              "VM.Standard.E2.4",
              "VM.Standard.E2.8",
              "VM.Standard.E3.Flex",
              "VM.Standard.E4.Flex",
              "VM.Standard.E5.Flex",
              "VM.Standard2.1",
              "VM.Standard2.16",
              "VM.Standard2.2",
              "VM.Standard2.24",
              "VM.Standard2.4",
              "VM.Standard2.8",
              "VM.Standard3.Flex"
            ],
            "sources": [
              {
                "image_id": "ocid1.image.oc1.uk-london-1.aaaaaaaau7m4das3rfqbdqbzwukqrtj344oymlj54ugkjpl3mbevhkdoskwq",
                "source_name": "Oracle-Linux-8.9-aarch64-2024.05.29-0-OKE-1.30.1-707",
                "source_type": "IMAGE"
              },
              {
                "image_id": "ocid1.image.oc1.uk-london-1.aaaaaaaaekxymxt2rrozguahdlyifb3qe7l355abrembardzpguqojoa4ykq",
                "source_name": "Oracle-Linux-8.9-aarch64-2024.05.29-0-OKE-1.29.1-707",
                "source_type": "IMAGE"
              },
              {
                "image_id": "ocid1.image.oc1.uk-london-1.aaaaaaaama7e7lidkl6y4ktt7qdqkwmj6fslill2drmotrsm5z3bubbshkzq",
                "source_name": "Oracle-Linux-8.9-aarch64-2024.05.29-0-OKE-1.28.2-707",
                "source_type": "IMAGE"
              },
              {
                "image_id": "ocid1.image.oc1.uk-london-1.aaaaaaaa6vqzdirctnci34ro2sj4mnyc4odob5htcxmcke6cticf2h2gdbnq",
                "source_name": "Oracle-Linux-8.9-aarch64-2024.05.29-0-OKE-1.28.10-707",
                "source_type": "IMAGE"
              },
              {
                "image_id": "ocid1.image.oc1.uk-london-1.aaaaaaaari3q3id5tq6paswaw74qkujnaaxlydfltqeexv7qeckht4hxogfa",
                "source_name": "Oracle-Linux-8.9-aarch64-2024.04.19-0-OKE-1.29.1-693",
                "source_type": "IMAGE"
              },
              {
                "image_id": "ocid1.image.oc1.uk-london-1.aaaaaaaa36c4y3rkdwywmqrzwtjmft4hn4vt4sthnbqoubknl7zqhaio2vja",
                "source_name": "Oracle-Linux-8.9-aarch64-2024.04.19-0-OKE-1.28.2-693",
                "source_type": "IMAGE"
              },
              {
                "image_id": "ocid1.image.oc1.uk-london-1.aaaaaaaau77h2wnyqki3wpmlvwlgwlitrqoaw5pauwc3f635czapigakocsa",
                "source_name": "Oracle-Linux-8.9-aarch64-2024.01.26-0-OKE-1.28.2-679",
                "source_type": "IMAGE"
              },
              {
                "image_id": "ocid1.image.oc1.uk-london-1.aaaaaaaa3y7r7cdb7ijne2lfdawpwh3b72n76ely3gu62yvbeme5u6u4ywsa",
                "source_name": "Oracle-Linux-8.9-Gen2-GPU-2024.05.29-0-OKE-1.30.1-707",
                "source_type": "IMAGE"
              },
              {
                "image_id": "ocid1.image.oc1.uk-london-1.aaaaaaaaqhiplg6fsi4hsdgj6pihddo3tnna4zwombl4im7q46wm4ebri4hq",
                "source_name": "Oracle-Linux-8.9-Gen2-GPU-2024.05.29-0-OKE-1.29.1-707",
                "source_type": "IMAGE"
              },
              {
                "image_id": "ocid1.image.oc1.uk-london-1.aaaaaaaa2uyglc7jwdykmbo75tgwozx7mwphqez5gdsgrtn5as7bqpaoyzda",
                "source_name": "Oracle-Linux-8.9-Gen2-GPU-2024.05.29-0-OKE-1.28.2-707",
                "source_type": "IMAGE"
              },
              {
                "image_id": "ocid1.image.oc1.uk-london-1.aaaaaaaanx7tr5d7syarxjz5p5ompcji5uoymwty7motxvfkned6ccl4mmyq",
                "source_name": "Oracle-Linux-8.9-Gen2-GPU-2024.05.29-0-OKE-1.28.10-707",
                "source_type": "IMAGE"
              },
              {
                "image_id": "ocid1.image.oc1.uk-london-1.aaaaaaaabl66vfkhya52l2rnhacrre53tjfnwo7fx7q2g3pwlqucfyl2fdta",
                "source_name": "Oracle-Linux-8.9-Gen2-GPU-2024.04.19-0-OKE-1.29.1-693",
                "source_type": "IMAGE"
              },
              {
                "image_id": "ocid1.image.oc1.uk-london-1.aaaaaaaafim76rka4uwyf5awge4lry3j3cu4acnkthzp65hqdvzdoeyrgngq",
                "source_name": "Oracle-Linux-8.9-Gen2-GPU-2024.04.19-0-OKE-1.28.2-693",
                "source_type": "IMAGE"
              },
              {
                "image_id": "ocid1.image.oc1.uk-london-1.aaaaaaaasm54jlxtsqyweb4jfx7nv23luevnvllyg73ylwqc7oppn742y7xa",
                "source_name": "Oracle-Linux-8.9-Gen2-GPU-2024.01.26-0-OKE-1.28.2-679",
                "source_type": "IMAGE"
              },
              {
                "image_id": "ocid1.image.oc1.uk-london-1.aaaaaaaailsm7a4gktvyyq4sbh52lt4itlqxzyqkvuzbd6m37hlhko6zhvma",
                "source_name": "Oracle-Linux-8.9-2024.05.29-0-OKE-1.30.1-707",
                "source_type": "IMAGE"
              },
              {
                "image_id": "ocid1.image.oc1.uk-london-1.aaaaaaaaqvmjldol4z4lvsfstzbwozihkbwdc2tswh7rusxmm7wv64qxiaoa",
                "source_name": "Oracle-Linux-8.9-2024.05.29-0-OKE-1.29.1-707",
                "source_type": "IMAGE"
              },
              {
                "image_id": "ocid1.image.oc1.uk-london-1.aaaaaaaaga2draxyywiter264xg4gghumqf3ur5b4ysvdtdntlboiqkuevoq",
                "source_name": "Oracle-Linux-8.9-2024.05.29-0-OKE-1.28.2-707",
                "source_type": "IMAGE"
              },
              {
                "image_id": "ocid1.image.oc1.uk-london-1.aaaaaaaad26ocspq2sc7gmizg7w4nd6d7zjpxcng2id7jdwbk75gris7bira",
                "source_name": "Oracle-Linux-8.9-2024.05.29-0-OKE-1.28.10-707",
                "source_type": "IMAGE"
              },
              {
                "image_id": "ocid1.image.oc1.uk-london-1.aaaaaaaa5rzn3mvwnhmhwgmbl4hjnecsljnsc2qflihavbhffksmre4ba4uq",
                "source_name": "Oracle-Linux-8.9-2024.04.19-0-OKE-1.29.1-693",
                "source_type": "IMAGE"
              },
              {
                "image_id": "ocid1.image.oc1.uk-london-1.aaaaaaaacpbgj6h4242fxztcpqibxhnkonibxfjaauvnculmp4ufqg7r3fha",
                "source_name": "Oracle-Linux-8.9-2024.04.19-0-OKE-1.28.2-693",
                "source_type": "IMAGE"
              },
              {
                "image_id": "ocid1.image.oc1.uk-london-1.aaaaaaaawd6rrojapv7p7jk2hs44ofc67xk7ckylhl2y6jsv4ve5wla7evqq",
                "source_name": "Oracle-Linux-8.9-2024.01.26-0-OKE-1.28.2-679",
                "source_type": "IMAGE"
              },
              {
                "image_id": "ocid1.image.oc1.uk-london-1.aaaaaaaa5vlftdoj76vu2ycxmhbjgweihcd7ahptidkpuvwgpp36747bwkqa",
                "source_name": "Oracle-Linux-8.10-aarch64-2024.06.30-0-OKE-1.30.1-716",
                "source_type": "IMAGE"
              },
              {
                "image_id": "ocid1.image.oc1.uk-london-1.aaaaaaaa2rrop6tbinxgakakn2a2edxvi3yf4z2zjufbdwscn2bjm3j7z6sq",
                "source_name": "Oracle-Linux-8.10-aarch64-2024.06.30-0-OKE-1.29.1-716",
                "source_type": "IMAGE"
              },
              {
                "image_id": "ocid1.image.oc1.uk-london-1.aaaaaaaa44plkfl6osq2gezw7prk5ylbyylwlpmgmptyrhelqfoeigw65bya",
                "source_name": "Oracle-Linux-8.10-aarch64-2024.06.30-0-OKE-1.28.10-716",
                "source_type": "IMAGE"
              },
              {
                "image_id": "ocid1.image.oc1.uk-london-1.aaaaaaaalhsuxxzhdk2ymzcxj6d67rk7gz6nknzsldjivbis3hkurdsin6xa",
                "source_name": "Oracle-Linux-8.10-Gen2-GPU-2024.06.30-0-OKE-1.30.1-716",
                "source_type": "IMAGE"
              },
              {
                "image_id": "ocid1.image.oc1.uk-london-1.aaaaaaaa46pd4uu5c2ubg7nyxcwvi64gnsonezzfdm2qcqfphy6fcxzmgvya",
                "source_name": "Oracle-Linux-8.10-Gen2-GPU-2024.06.30-0-OKE-1.29.1-716",
                "source_type": "IMAGE"
              },
              {
                "image_id": "ocid1.image.oc1.uk-london-1.aaaaaaaaoo7wekv6x53a36vfssr6h3efuirpfj3wvovl4bdnm33kki6f5vta",
                "source_name": "Oracle-Linux-8.10-Gen2-GPU-2024.06.30-0-OKE-1.28.10-716",
                "source_type": "IMAGE"
              },
              {
                "image_id": "ocid1.image.oc1.uk-london-1.aaaaaaaabawru54cnggn3ui2agpyeqmtkonrbdmaim5b5gidclnicqd2imsa",
                "source_name": "Oracle-Linux-8.10-2024.06.30-0-OKE-1.30.1-716",
                "source_type": "IMAGE"
              },
              {
                "image_id": "ocid1.image.oc1.uk-london-1.aaaaaaaajmm4jhtyx3bciv7u5ow3mcj5kfzenhcwp3zl4vctletdzcj52kra",
                "source_name": "Oracle-Linux-8.10-2024.06.30-0-OKE-1.29.1-716",
                "source_type": "IMAGE"
              },
              {
                "image_id": "ocid1.image.oc1.uk-london-1.aaaaaaaaj4odsmras6ifzouestniz7dr7kjetkt7hruh6xoqn73oroc77svq",
                "source_name": "Oracle-Linux-8.10-2024.06.30-0-OKE-1.28.10-716",
                "source_type": "IMAGE"
              },
              {
                "image_id": "ocid1.image.oc1.uk-london-1.aaaaaaaaky6r3uxhzkueuljupfc2gszxc72fqflt3zcfzavz54ongpivxkda",
                "source_name": "Oracle-Linux-7.9-aarch64-2024.06.30-0-OKE-1.30.1-716",
                "source_type": "IMAGE"
              },
              {
                "image_id": "ocid1.image.oc1.uk-london-1.aaaaaaaa5chdjv4p7wefzrxro5p6u4f7zeb5h6hqn2oaewyjl3xvwcv4wala",
                "source_name": "Oracle-Linux-7.9-aarch64-2024.06.30-0-OKE-1.29.1-716",
                "source_type": "IMAGE"
              },
              {
                "image_id": "ocid1.image.oc1.uk-london-1.aaaaaaaadghehzoc7v3vakv3zqqrukfcxdiwriqmvhjdcbmqzc5rfasefmlq",
                "source_name": "Oracle-Linux-7.9-aarch64-2024.06.30-0-OKE-1.28.10-716",
                "source_type": "IMAGE"
              },
              {
                "image_id": "ocid1.image.oc1.uk-london-1.aaaaaaaaco32bggeegkux6evjuqjml4ljqqk7rr4jr5nezeyrxqdiklko5rq",
                "source_name": "Oracle-Linux-7.9-aarch64-2024.05.29-0-OKE-1.30.1-707",
                "source_type": "IMAGE"
              },
              {
                "image_id": "ocid1.image.oc1.uk-london-1.aaaaaaaahwamxq5dtpwwsay3i5pfuvyy26vhnwjrfnylid7yzjacftexmsla",
                "source_name": "Oracle-Linux-7.9-aarch64-2024.05.29-0-OKE-1.29.1-707",
                "source_type": "IMAGE"
              },
              {
                "image_id": "ocid1.image.oc1.uk-london-1.aaaaaaaajsspukmxmfldvcchwntcrcvthwzaj4wkyu5p6kvz3uwrgfvsveia",
                "source_name": "Oracle-Linux-7.9-aarch64-2024.05.29-0-OKE-1.28.2-707",
                "source_type": "IMAGE"
              },
              {
                "image_id": "ocid1.image.oc1.uk-london-1.aaaaaaaa5aves7iwk6doy4yy5ojljbxvalxb5jv56eumyiuambndqdz7lubq",
                "source_name": "Oracle-Linux-7.9-aarch64-2024.05.29-0-OKE-1.28.10-707",
                "source_type": "IMAGE"
              },
              {
                "image_id": "ocid1.image.oc1.uk-london-1.aaaaaaaacse7cpveqz3ltl7kqsvycqegrlw7swjlrzlpxt5ir2ga5oyaupsq",
                "source_name": "Oracle-Linux-7.9-aarch64-2024.04.19-0-OKE-1.29.1-693",
                "source_type": "IMAGE"
              },
              {
                "image_id": "ocid1.image.oc1.uk-london-1.aaaaaaaaylrmchgejsock27ppnypg2p2jxjgfia3f4cskdpjtkpx3bpf3zwa",
                "source_name": "Oracle-Linux-7.9-aarch64-2024.04.19-0-OKE-1.28.2-693",
                "source_type": "IMAGE"
              },
              {
                "image_id": "ocid1.image.oc1.uk-london-1.aaaaaaaabgakrgmmreze3ldhxdqurqr5thqe3q7mwiqvvk2hgjzmejjb35fq",
                "source_name": "Oracle-Linux-7.9-aarch64-2024.01.23-0-OKE-1.28.2-679",
                "source_type": "IMAGE"
              },
              {
                "image_id": "ocid1.image.oc1.uk-london-1.aaaaaaaawuvrnx76ut3lobyub2bsnc4xptrwkyy326fh2ldsx6k2rxnqo6ea",
                "source_name": "Oracle-Linux-7.9-Gen2-GPU-2024.06.30-0-OKE-1.30.1-716",
                "source_type": "IMAGE"
              },
              {
                "image_id": "ocid1.image.oc1.uk-london-1.aaaaaaaayzzqhwuwwihknulvx4mmqoltnf3kscwqgtiughwd2kmrm6slzfzq",
                "source_name": "Oracle-Linux-7.9-Gen2-GPU-2024.06.30-0-OKE-1.29.1-716",
                "source_type": "IMAGE"
              },
              {
                "image_id": "ocid1.image.oc1.uk-london-1.aaaaaaaassit22r7ioh7rencvybroaxdyqn47nkrbohr5vr4fynaiorkhqoq",
                "source_name": "Oracle-Linux-7.9-Gen2-GPU-2024.06.30-0-OKE-1.28.10-716",
                "source_type": "IMAGE"
              },
              {
                "image_id": "ocid1.image.oc1.uk-london-1.aaaaaaaau4vjp3neyfacvikzawk2h5rd3impn5y27tpouujiytf26nfdalwq",
                "source_name": "Oracle-Linux-7.9-Gen2-GPU-2024.05.29-0-OKE-1.30.1-707",
                "source_type": "IMAGE"
              },
              {
                "image_id": "ocid1.image.oc1.uk-london-1.aaaaaaaacsahr3xlleqkw3lxw6mz7yc4yepkztx4ttx65xesproop64d5zjq",
                "source_name": "Oracle-Linux-7.9-Gen2-GPU-2024.05.29-0-OKE-1.29.1-707",
                "source_type": "IMAGE"
              },
              {
                "image_id": "ocid1.image.oc1.uk-london-1.aaaaaaaa5smcoclysolso4hn5ixwsikhev36hqj6qybb53pkfrzkhmt7x5cq",
                "source_name": "Oracle-Linux-7.9-Gen2-GPU-2024.05.29-0-OKE-1.28.2-707",
                "source_type": "IMAGE"
              },
              {
                "image_id": "ocid1.image.oc1.uk-london-1.aaaaaaaacfcvo56xlnjiw6kvg5qatcy3x4snkzu4jps2e423lds4yem42sfq",
                "source_name": "Oracle-Linux-7.9-Gen2-GPU-2024.05.29-0-OKE-1.28.10-707",
                "source_type": "IMAGE"
              },
              {
                "image_id": "ocid1.image.oc1.uk-london-1.aaaaaaaakptf3jb3vqhkmkt7b62cawsk6vyueaw3d5y4mamad7flpxz6ihmq",
                "source_name": "Oracle-Linux-7.9-Gen2-GPU-2024.04.19-0-OKE-1.29.1-693",
                "source_type": "IMAGE"
              },
              {
                "image_id": "ocid1.image.oc1.uk-london-1.aaaaaaaabmyubknepxhy7bc7ukyqpawqtyoyuwe5wylczbfve7q5rpboiwra",
                "source_name": "Oracle-Linux-7.9-Gen2-GPU-2024.04.19-0-OKE-1.28.2-693",
                "source_type": "IMAGE"
              },
              {
                "image_id": "ocid1.image.oc1.uk-london-1.aaaaaaaarnwox6i3d2g44ofpgucnkan6bfjocp3suk3pverqpe5ljxzmmqwa",
                "source_name": "Oracle-Linux-7.9-Gen2-GPU-2024.01.23-0-OKE-1.28.2-679",
                "source_type": "IMAGE"
              },
              {
                "image_id": "ocid1.image.oc1.uk-london-1.aaaaaaaaqu4qxrcb5z7aachyznwhi5zkyxrhlbg77ztuu2g2hb6eggorqfoa",
                "source_name": "Oracle-Linux-7.9-2024.06.30-0-OKE-1.30.1-716",
                "source_type": "IMAGE"
              },
              {
                "image_id": "ocid1.image.oc1.uk-london-1.aaaaaaaa6xeaoqmup5nh3x3zbsjbl23ydlzgkvjtglo4j72alwhaxmqdaqgq",
                "source_name": "Oracle-Linux-7.9-2024.06.30-0-OKE-1.29.1-716",
                "source_type": "IMAGE"
              },
              {
                "image_id": "ocid1.image.oc1.uk-london-1.aaaaaaaa5vbfwxkdye25q7l3jouisw2c74wwhsl5x55tw7ieuxicwn5yjt4a",
                "source_name": "Oracle-Linux-7.9-2024.06.30-0-OKE-1.28.10-716",
                "source_type": "IMAGE"
              },
              {
                "image_id": "ocid1.image.oc1.uk-london-1.aaaaaaaaczw5gvsqkkmgpeb53it3x6gmxhdecxx4h6sdzx336j5i3qd3fdqa",
                "source_name": "Oracle-Linux-7.9-2024.05.29-0-OKE-1.30.1-707",
                "source_type": "IMAGE"
              },
              {
                "image_id": "ocid1.image.oc1.uk-london-1.aaaaaaaazijla42iikne6lrq7zpgk44a7bk54svt4t346atbccx2bcfz2waa",
                "source_name": "Oracle-Linux-7.9-2024.05.29-0-OKE-1.29.1-707",
                "source_type": "IMAGE"
              },
              {
                "image_id": "ocid1.image.oc1.uk-london-1.aaaaaaaacldretlancobus3xxrbfennipr6kdmtqtciobnsvdcsb7u2j2bzq",
                "source_name": "Oracle-Linux-7.9-2024.05.29-0-OKE-1.28.2-707",
                "source_type": "IMAGE"
              },
              {
                "image_id": "ocid1.image.oc1.uk-london-1.aaaaaaaayhxfwg7llomcugmbpb5hfkwgbwxlh6mw3rjdtacbzjvwxjz5fkyq",
                "source_name": "Oracle-Linux-7.9-2024.05.29-0-OKE-1.28.10-707",
                "source_type": "IMAGE"
              },
              {
                "image_id": "ocid1.image.oc1.uk-london-1.aaaaaaaah2q3oq2elh4gytj46zwfqcogflrrp65aor2m3q4dlfd3noy3wdkq",
                "source_name": "Oracle-Linux-7.9-2024.04.19-0-OKE-1.29.1-693",
                "source_type": "IMAGE"
              },
              {
                "image_id": "ocid1.image.oc1.uk-london-1.aaaaaaaap6fzn4k2klkvcdhavabpce7qaq53kehzcwc5fzvbi4xb7o5g32ya",
                "source_name": "Oracle-Linux-7.9-2024.04.19-0-OKE-1.28.2-693",
                "source_type": "IMAGE"
              },
              {
                "image_id": "ocid1.image.oc1.uk-london-1.aaaaaaaaepv3avwcscghj2wxuhl4g55d74y62gfhusicyzs6t7p7rmvxqtva",
                "source_name": "Oracle-Linux-7.9-2024.01.23-0-OKE-1.28.2-679",
                "source_type": "IMAGE"
              },
              {
                "image_id": "ocid1.image.oc1.uk-london-1.aaaaaaaaekleu5ti4ljq3kuu54c6jbr7pqnhrydepjlpuzpanwyuxxwf66gq",
                "source_name": "Oracle-Linux-8.10-aarch64-2024.09.30-0",
                "source_type": "IMAGE"
              },
              {
                "image_id": "ocid1.image.oc1.uk-london-1.aaaaaaaabsw6zkc6cmgrpz2ackeauvi6prpnsrtqpdhmsc3iko5buzgyhuea",
                "source_name": "Oracle-Linux-8.10-aarch64-2024.08.29-0",
                "source_type": "IMAGE"
              },
              {
                "image_id": "ocid1.image.oc1.uk-london-1.aaaaaaaamk6y5y4wrqeodnzcvqqgpi4pgbm24udbp6eahneytfmk7jkbjaga",
                "source_name": "Oracle-Linux-8.10-aarch64-2024.07.31-0",
                "source_type": "IMAGE"
              },
              {
                "image_id": "ocid1.image.oc1.uk-london-1.aaaaaaaas2jhs25bwqzw4l3sp5zjjbpqbrqvgyf4dh36hq35o6hnm2oikw4q",
                "source_name": "Oracle-Linux-8.10-Gen2-GPU-2024.09.30-0",
                "source_type": "IMAGE"
              },
              {
                "image_id": "ocid1.image.oc1.uk-london-1.aaaaaaaallz4k6wlkhjnocbnwlq5pl225jqmhjmgzk34bmvsijyw6a55whxa",
                "source_name": "Oracle-Linux-8.10-Gen2-GPU-2024.08.29-0",
                "source_type": "IMAGE"
              },
              {
                "image_id": "ocid1.image.oc1.uk-london-1.aaaaaaaainerfturp756vlnbiqblmqunvdujnqizpsl5lcli4dc5rsuplcqa",
                "source_name": "Oracle-Linux-8.10-Gen2-GPU-2024.07.31-0",
                "source_type": "IMAGE"
              },
              {
                "image_id": "ocid1.image.oc1.uk-london-1.aaaaaaaal4pohavf73ywrrkqx4khcuyq2q6ef3ymxmoh3lv6maxgj5v65mma",
                "source_name": "Oracle-Linux-8.10-Gen2-AMD-GPU-2024.08.31-0",
                "source_type": "IMAGE"
              },
              {
                "image_id": "ocid1.image.oc1.uk-london-1.aaaaaaaayzqftcsgvgcy42rrmndmtjohkuvb2u4zdtb2u7sslae6fvuo3hfq",
                "source_name": "Oracle-Linux-8.10-2024.09.30-0",
                "source_type": "IMAGE"
              },
              {
                "image_id": "ocid1.image.oc1.uk-london-1.aaaaaaaa57jm4argiknslmszrrjtze4lijhxee7xvu4jeimyfzsdgz3qhqmq",
                "source_name": "Oracle-Linux-8.10-2024.08.29-0",
                "source_type": "IMAGE"
              },
              {
                "image_id": "ocid1.image.oc1.uk-london-1.aaaaaaaay6agryw3wg52ruxw56zns3azgwgki3ireaugsuhmfvfnjplxsrfa",
                "source_name": "Oracle-Linux-8.10-2024.07.31-0",
                "source_type": "IMAGE"
              },
              {
                "image_id": "ocid1.image.oc1.uk-london-1.aaaaaaaage6ui7aikzsl427pygrntq3q3pxgdxabnyuttjn3kbr7b74vwcfa",
                "source_name": "Oracle-Linux-7.9-aarch64-2024.09.30-0",
                "source_type": "IMAGE"
              },
              {
                "image_id": "ocid1.image.oc1.uk-london-1.aaaaaaaavituehbhsxrniuqxf3tfaeixu5aurzkwjfbljymueg3gebdj47rq",
                "source_name": "Oracle-Linux-7.9-aarch64-2024.08.29-0",
                "source_type": "IMAGE"
              },
              {
                "image_id": "ocid1.image.oc1.uk-london-1.aaaaaaaara5mwki2s5j2bx5uu5zyn7koftff6ogzeotdxfccn7mgdigvbgca",
                "source_name": "Oracle-Linux-7.9-aarch64-2024.07.31-0",
                "source_type": "IMAGE"
              },
              {
                "image_id": "ocid1.image.oc1.uk-london-1.aaaaaaaabczynuhh3x5seruxjpskuydudljjwcbp2shiqorsfs74y6oraa6a",
                "source_name": "Oracle-Linux-7.9-Gen2-GPU-2024.09.30-0",
                "source_type": "IMAGE"
              },
              {
                "image_id": "ocid1.image.oc1.uk-london-1.aaaaaaaamfteirems4dx3witf3uakctd42axg4pk4nyxun462veds36weiea",
                "source_name": "Oracle-Linux-7.9-Gen2-GPU-2024.08.29-0",
                "source_type": "IMAGE"
              },
              {
                "image_id": "ocid1.image.oc1.uk-london-1.aaaaaaaalyoj6v5lalodkg7chijg5v76vcncag42cr5vkgvsw2zqov7nhg5q",
                "source_name": "Oracle-Linux-7.9-Gen2-GPU-2024.07.31-0",
                "source_type": "IMAGE"
              },
              {
                "image_id": "ocid1.image.oc1.uk-london-1.aaaaaaaavtqxc4ylh73xwsnl5qpd7xkvjmcphtwpahbx46imb2yjvjjifb3q",
                "source_name": "Oracle-Linux-7.9-2024.09.30-0",
                "source_type": "IMAGE"
              },
              {
                "image_id": "ocid1.image.oc1.uk-london-1.aaaaaaaaijbtcdc2cxuctqurrf7bgvcstxcnjat57yorgvro2tmw4assjvwa",
                "source_name": "Oracle-Linux-7.9-2024.08.29-0",
                "source_type": "IMAGE"
              },
              {
                "image_id": "ocid1.image.oc1.uk-london-1.aaaaaaaao6ixb6uar7zbo5x4xrq5to3bg5spn2uhqobom2vru4z26xmtjwpa",
                "source_name": "Oracle-Linux-7.9-2024.07.31-0",
                "source_type": "IMAGE"
              },
              {
                "image_id": "ocid1.image.oc1.uk-london-1.aaaaaaaaahbkgd2yhw7yg6io76mbuwwtuk4monzpsr3r7nuiegttu5q75r6q",
                "source_name": "Oracle-Linux-7.6",
                "source_type": "IMAGE"
              }
            ]
          },
          "sensitive_attributes": []
        }
      ]
    },
    {
      "module": "module.oci-oke",
      "mode": "data",
      "type": "oci_core_services",
      "name": "AllOCIServices",
      "provider": "provider[\"registry.terraform.io/hashicorp/oci\"]",
      "instances": [
        {
          "index_key": 0,
          "schema_version": 0,
          "attributes": {
            "filter": [
              {
                "name": "name",
                "regex": true,
                "values": [
                  "All .* Services In Oracle Services Network"
                ]
              }
            ],
            "id": "CoreServicesDataSource-0",
            "services": [
              {
                "cidr_block": "all-lhr-services-in-oracle-services-network",
                "description": "All LHR Services In Oracle Services Network",
                "id": "ocid1.service.oc1.uk-london-1.aaaaaaaatwg7f5mnzoapfunl66n2qkp4ormiykqk3hiwksum63gcyjk7ysla",
                "name": "All LHR Services In Oracle Services Network"
              }
            ]
          },
          "sensitive_attributes": []
        }
      ]
    },
    {
      "module": "module.oci-oke",
      "mode": "data",
      "type": "oci_identity_availability_domains",
      "name": "ADs",
      "provider": "provider[\"registry.terraform.io/hashicorp/oci\"]",
      "instances": [
        {
          "schema_version": 0,
          "attributes": {
            "availability_domains": [
              {
                "compartment_id": "ocid1.tenancy.oc1..aaaaaaaay54k6twlomunmgr7g3uyk3wjsq2kainrtdxebcjqzvbxvqediuwa",
                "id": "ocid1.availabilitydomain.oc1..aaaaaaaapjv4p3qtly2fesrig77q4tlmi3wvakeet6fskc7do2fmawz3xctq",
                "name": "yzFe:UK-LONDON-1-AD-1"
              },
              {
                "compartment_id": "ocid1.tenancy.oc1..aaaaaaaay54k6twlomunmgr7g3uyk3wjsq2kainrtdxebcjqzvbxvqediuwa",
                "id": "ocid1.availabilitydomain.oc1..aaaaaaaaw2i3i53quioaywmhx56ss5plwk7bmmeg2266lo7inilhbizeroua",
                "name": "yzFe:UK-LONDON-1-AD-2"
              },
              {
                "compartment_id": "ocid1.tenancy.oc1..aaaaaaaay54k6twlomunmgr7g3uyk3wjsq2kainrtdxebcjqzvbxvqediuwa",
                "id": "ocid1.availabilitydomain.oc1..aaaaaaaac6kgqnl5eberztbdm2ufhpxohk7cuelajmafpqa3m6rpri4tc2yq",
                "name": "yzFe:UK-LONDON-1-AD-3"
              }
            ],
            "compartment_id": "ocid1.tenancy.oc1..aaaaaaaay54k6twlomunmgr7g3uyk3wjsq2kainrtdxebcjqzvbxvqediuwa",
            "filter": null,
            "id": "IdentityAvailabilityDomainsDataSource-537278993"
          },
          "sensitive_attributes": []
        }
      ]
    },
    {
      "module": "module.oci-oke",
      "mode": "managed",
      "type": "oci_containerengine_cluster",
      "name": "oci_oke_cluster",
      "provider": "provider[\"registry.terraform.io/hashicorp/oci\"]",
      "instances": [
        {
          "schema_version": 0,
          "attributes": {
            "available_kubernetes_upgrades": [],
            "cluster_pod_network_options": [
              {
                "cni_type": "FLANNEL_OVERLAY"
              }
            ],
            "compartment_id": "ocid1.tenancy.oc1..aaaaaaaay54k6twlomunmgr7g3uyk3wjsq2kainrtdxebcjqzvbxvqediuwa",
            "defined_tags": {
              "Oracle-Tags.CreatedBy": "default/chaitanyasharma04uk@gmail.com",
              "Oracle-Tags.CreatedOn": "2024-11-01T13:58:01.801Z"
            },
            "endpoint_config": [
              {
                "is_public_ip_enabled": false,
                "nsg_ids": null,
                "subnet_id": "ocid1.subnet.oc1.uk-london-1.aaaaaaaa5xmvsrrb4e7zdo5a7ulyj7wzxvs26isflk7ywovosizzfcwtpkca"
              }
            ],
            "endpoints": [
              {
                "kubernetes": "",
                "private_endpoint": "10.0.3.97:6443",
                "public_endpoint": "",
                "vcn_hostname_endpoint": ""
              }
            ],
            "freeform_tags": {},
            "id": "ocid1.cluster.oc1.uk-london-1.aaaaaaaamrvxggw6cc5wl4jn5hk44sfs5hthxespc72txfw5zccekgbjzemq",
            "image_policy_config": [
              {
                "is_policy_enabled": false,
                "key_details": []
              }
            ],
            "kms_key_id": null,
            "kubernetes_version": "v1.30.1",
            "lifecycle_details": null,
            "metadata": [
              {
                "created_by_user_id": "ocid1.user.oc1..aaaaaaaafrosr6kax6lrs5ioe3htcjftuibpnwvod7mienq7hidpmxa55ntq",
                "created_by_work_request_id": "ocid1.clustersworkrequest.oc1.uk-london-1.aaaaaaaakro4jc3xzak72kthbe6jjkbn4i5apsmubmyuzs2ecwplssg4epgq",
                "deleted_by_user_id": "",
                "deleted_by_work_request_id": "",
                "time_created": "2024-11-01 13:58:02 +0000 UTC",
                "time_credential_expiration": "2029-11-01 13:58:43 +0000 UTC",
                "time_deleted": "",
                "time_updated": "",
                "updated_by_user_id": "",
                "updated_by_work_request_id": ""
              }
            ],
            "name": "OKE_Cluster",
            "open_id_connect_discovery_endpoint": null,
            "options": [
              {
                "add_ons": [
                  {
                    "is_kubernetes_dashboard_enabled": true,
                    "is_tiller_enabled": true
                  }
                ],
                "admission_controller_options": [
                  {
                    "is_pod_security_policy_enabled": false
                  }
                ],
                "kubernetes_network_config": [
                  {
                    "pods_cidr": "10.1.0.0/16",
                    "services_cidr": "10.2.0.0/16"
                  }
                ],
                "open_id_connect_discovery": [],
                "open_id_connect_token_authentication_config": [],
                "persistent_volume_config": [
                  {
                    "defined_tags": {},
                    "freeform_tags": {}
                  }
                ],
                "service_lb_config": [
                  {
                    "defined_tags": {},
                    "freeform_tags": {}
                  }
                ],
                "service_lb_subnet_ids": [
                  "ocid1.subnet.oc1.uk-london-1.aaaaaaaa4zly2klxjspk6qhwxdydtjpgo5txnarfnmy3pxsnomzninbkg3ha"
                ]
              }
            ],
            "state": "ACTIVE",
            "timeouts": null,
            "type": "BASIC_CLUSTER",
            "vcn_id": "ocid1.vcn.oc1.uk-london-1.amaaaaaawldo33iaszglpqgnqzkqaqh3wm7umdcalidmojq3awydcjuszruq"
          },
          "sensitive_attributes": [],
          "private": "eyJlMmJmYjczMC1lY2FhLTExZTYtOGY4OC0zNDM2M2JjN2M0YzAiOnsiY3JlYXRlIjozNjAwMDAwMDAwMDAwLCJkZWxldGUiOjM2MDAwMDAwMDAwMDAsInVwZGF0ZSI6MzYwMDAwMDAwMDAwMH19",
          "dependencies": [
            "module.oci-oke.oci_core_route_table.oke_rt_via_igw",
            "module.oci-oke.oci_core_route_table.oke_rt_via_natgw_and_sg",
            "module.oci-oke.oci_core_security_list.oke_api_endpoint_subnet_sec_list",
            "module.oci-oke.oci_core_subnet.oke_api_endpoint_subnet",
            "module.oci-oke.oci_core_subnet.oke_lb_subnet",
            "module.oci-oke.oci_core_vcn.oke_vcn"
          ]
        }
      ]
    },
    {
      "module": "module.oci-oke",
      "mode": "managed",
      "type": "oci_containerengine_node_pool",
      "name": "oci_oke_node_pool",
      "provider": "provider[\"registry.terraform.io/hashicorp/oci\"]",
      "instances": [
        {
          "schema_version": 0,
          "attributes": {
            "cluster_id": "ocid1.cluster.oc1.uk-london-1.aaaaaaaamrvxggw6cc5wl4jn5hk44sfs5hthxespc72txfw5zccekgbjzemq",
            "compartment_id": "ocid1.tenancy.oc1..aaaaaaaay54k6twlomunmgr7g3uyk3wjsq2kainrtdxebcjqzvbxvqediuwa",
            "defined_tags": {
              "Oracle-Tags.CreatedBy": "default/chaitanyasharma04uk@gmail.com",
              "Oracle-Tags.CreatedOn": "2024-11-01T14:42:48.907Z"
            },
            "freeform_tags": {},
            "id": "ocid1.nodepool.oc1.uk-london-1.aaaaaaaawo4pylqeikrhjahctfmsqv6ej3tjgwr5wz3do4k7un62ujcycmsq",
            "initial_node_labels": [
              {
                "key": "key",
                "value": "value"
              }
            ],
            "kubernetes_version": "v1.30.1",
            "lifecycle_details": null,
            "name": "Demo_Node_Pool",
            "node_config_details": [
              {
                "defined_tags": {},
                "freeform_tags": {},
                "is_pv_encryption_in_transit_enabled": false,
                "kms_key_id": "",
                "node_pool_pod_network_option_details": [
                  {
                    "cni_type": "FLANNEL_OVERLAY",
                    "max_pods_per_node": 0,
                    "pod_nsg_ids": [],
                    "pod_subnet_ids": []
                  }
                ],
                "nsg_ids": [],
                "placement_configs": [
                  {
                    "availability_domain": "yzFe:UK-LONDON-1-AD-1",
                    "capacity_reservation_id": "",
                    "fault_domains": [],
                    "preemptible_node_config": [],
                    "subnet_id": "ocid1.subnet.oc1.uk-london-1.aaaaaaaayg3e2ffviwhvcpzfgqwv5j6ie5sbjhfhjuswezjyzycs7e3pbnwa"
                  }
                ],
                "size": 1
              }
            ],
            "node_eviction_node_pool_settings": [],
            "node_image_id": "ocid1.image.oc1.uk-london-1.aaaaaaaaqu4qxrcb5z7aachyznwhi5zkyxrhlbg77ztuu2g2hb6eggorqfoa",
            "node_image_name": "Oracle-Linux-7.9-2024.06.30-0-OKE-1.30.1-716",
            "node_metadata": {},
            "node_pool_cycling_details": [],
            "node_shape": "VM.Standard.E3.Flex",
            "node_shape_config": [
              {
                "memory_in_gbs": 64,
                "ocpus": 4
              }
            ],
            "node_source": [
              {
                "image_id": "ocid1.image.oc1.uk-london-1.aaaaaaaaqu4qxrcb5z7aachyznwhi5zkyxrhlbg77ztuu2g2hb6eggorqfoa",
                "source_name": "Oracle-Linux-7.9-2024.06.30-0-OKE-1.30.1-716",
                "source_type": "IMAGE"
              }
            ],
            "node_source_details": [
              {
                "boot_volume_size_in_gbs": "50",
                "image_id": "ocid1.image.oc1.uk-london-1.aaaaaaaaqu4qxrcb5z7aachyznwhi5zkyxrhlbg77ztuu2g2hb6eggorqfoa",
                "source_type": "IMAGE"
              }
            ],
            "nodes": [
              {
                "availability_domain": "yzFe:UK-LONDON-1-AD-1",
                "defined_tags": {},
                "error": [],
                "fault_domain": "FAULT-DOMAIN-1",
                "freeform_tags": {},
                "id": "ocid1.instance.oc1.uk-london-1.anwgiljtwldo33icryi7exc3dhu5u3n3eme7jwzdrtl5psnejdkonlubga7q",
                "kubernetes_version": "v1.30.1",
                "lifecycle_details": "",
                "name": "oke-ccekgbjzemq-n62ujcycmsq-scs7e3pbnwa-0",
                "node_pool_id": "ocid1.nodepool.oc1.uk-london-1.aaaaaaaawo4pylqeikrhjahctfmsqv6ej3tjgwr5wz3do4k7un62ujcycmsq",
                "private_ip": "10.0.1.211",
                "public_ip": "",
                "state": "ACTIVE",
                "subnet_id": "ocid1.subnet.oc1.uk-london-1.aaaaaaaayg3e2ffviwhvcpzfgqwv5j6ie5sbjhfhjuswezjyzycs7e3pbnwa"
              }
            ],
            "quantity_per_subnet": 0,
            "ssh_public_key": "ssh-rsa AAAAB3NzaC1yc2EAAAADAQABAAABAQCkMKeilRE7nLxBO0H95kA/L76O/8EW99ugCj8kzT+zxfHXG70ndVeACa2SQOwcjskqvhNiQuamwwCmaGNN9djMs2/kUNrJ655iNXK6P6rvZ5R9k9dt+j5wUfZEtppItN/4GAeiG4p5SRFAJ0fNPTGrBq0xrQBhVktsFAhGpZpHPru85jwiwKcf9Y5SfGepZNFUUTqMkE4FEOcpEdCUE+sSp02TK4/R5yXBxjiCbiQccRW3YJZKXLBNav/jOJZ8IdLhK8TJXSo6rXsfx8IC3uCegB+I3mu9ZlbH4RSnvi9WAiwq7YwzSQBJLR6BTO6pGtIm+FBZyzzmNj+GbkIY281l\n",
            "state": "ACTIVE",
            "subnet_ids": [
              "ocid1.subnet.oc1.uk-london-1.aaaaaaaayg3e2ffviwhvcpzfgqwv5j6ie5sbjhfhjuswezjyzycs7e3pbnwa"
            ],
            "timeouts": null
          },
          "sensitive_attributes": [],
          "private": "eyJlMmJmYjczMC1lY2FhLTExZTYtOGY4OC0zNDM2M2JjN2M0YzAiOnsiY3JlYXRlIjozMDAwMDAwMDAwMDAwLCJkZWxldGUiOjMwMDAwMDAwMDAwMDAsInVwZGF0ZSI6MzAwMDAwMDAwMDAwMH19",
          "dependencies": [
            "module.oci-oke.data.oci_containerengine_node_pool_option.oci_oke_node_pool_option",
            "module.oci-oke.data.oci_identity_availability_domains.ADs",
            "module.oci-oke.oci_containerengine_cluster.oci_oke_cluster",
            "module.oci-oke.oci_core_route_table.oke_rt_via_igw",
            "module.oci-oke.oci_core_route_table.oke_rt_via_natgw_and_sg",
            "module.oci-oke.oci_core_security_list.oke_api_endpoint_subnet_sec_list",
            "module.oci-oke.oci_core_subnet.oke_api_endpoint_subnet",
            "module.oci-oke.oci_core_subnet.oke_lb_subnet",
            "module.oci-oke.oci_core_subnet.oke_nodepool_subnet",
            "module.oci-oke.oci_core_vcn.oke_vcn",
            "module.oci-oke.tls_private_key.public_private_key_pair"
          ]
        }
      ]
    },
    {
      "module": "module.oci-oke",
      "mode": "managed",
      "type": "oci_core_internet_gateway",
      "name": "oke_igw",
      "provider": "provider[\"registry.terraform.io/hashicorp/oci\"]",
      "instances": [
        {
          "index_key": 0,
          "schema_version": 0,
          "attributes": {
            "compartment_id": "ocid1.tenancy.oc1..aaaaaaaay54k6twlomunmgr7g3uyk3wjsq2kainrtdxebcjqzvbxvqediuwa",
            "defined_tags": {},
            "display_name": "oke_igw",
            "enabled": true,
            "freeform_tags": {},
            "id": "ocid1.internetgateway.oc1.uk-london-1.aaaaaaaa5hoph3mj5mxure2quvdosbs5y6a53nkuyrjhvksc2ms7e6fltjsa",
            "route_table_id": null,
            "state": "AVAILABLE",
            "time_created": "2024-10-22 13:59:11.252 +0000 UTC",
            "timeouts": null,
            "vcn_id": "ocid1.vcn.oc1.uk-london-1.amaaaaaawldo33iaszglpqgnqzkqaqh3wm7umdcalidmojq3awydcjuszruq"
          },
          "sensitive_attributes": [],
          "private": "eyJlMmJmYjczMC1lY2FhLTExZTYtOGY4OC0zNDM2M2JjN2M0YzAiOnsiY3JlYXRlIjoxMjAwMDAwMDAwMDAwLCJkZWxldGUiOjEyMDAwMDAwMDAwMDAsInVwZGF0ZSI6MTIwMDAwMDAwMDAwMH19",
          "dependencies": [
            "module.oci-oke.oci_core_vcn.oke_vcn"
          ]
        }
      ]
    },
    {
      "module": "module.oci-oke",
      "mode": "managed",
      "type": "oci_core_nat_gateway",
      "name": "oke_natgw",
      "provider": "provider[\"registry.terraform.io/hashicorp/oci\"]",
      "instances": [
        {
          "index_key": 0,
          "schema_version": 0,
          "attributes": {
            "block_traffic": false,
            "compartment_id": "ocid1.tenancy.oc1..aaaaaaaay54k6twlomunmgr7g3uyk3wjsq2kainrtdxebcjqzvbxvqediuwa",
            "defined_tags": {
              "Oracle-Tags.CreatedBy": "default/chaitanyasharma04uk@gmail.com",
              "Oracle-Tags.CreatedOn": "2024-10-22T13:59:11.137Z"
            },
            "display_name": "oke_natgw",
            "freeform_tags": {},
            "id": "ocid1.natgateway.oc1.uk-london-1.aaaaaaaa7wvx44bcbbbulpl7qi6sz2plg4n6vral62h464bdox6aj74nftua",
            "nat_ip": "141.147.79.88",
            "public_ip_id": "ocid1.publicip.oc1.uk-london-1.aaaaaaaah3jdeq4zrrbyjs7is7vaiql3zmrxvoquvemtcokeztiebnnyshtq",
            "route_table_id": null,
            "state": "AVAILABLE",
            "time_created": "2024-10-22 13:59:11.322 +0000 UTC",
            "timeouts": null,
            "vcn_id": "ocid1.vcn.oc1.uk-london-1.amaaaaaawldo33iaszglpqgnqzkqaqh3wm7umdcalidmojq3awydcjuszruq"
          },
          "sensitive_attributes": [],
          "private": "eyJlMmJmYjczMC1lY2FhLTExZTYtOGY4OC0zNDM2M2JjN2M0YzAiOnsiY3JlYXRlIjoxMjAwMDAwMDAwMDAwLCJkZWxldGUiOjEyMDAwMDAwMDAwMDAsInVwZGF0ZSI6MTIwMDAwMDAwMDAwMH19",
          "dependencies": [
            "module.oci-oke.oci_core_vcn.oke_vcn"
          ]
        }
      ]
    },
    {
      "module": "module.oci-oke",
      "mode": "managed",
      "type": "oci_core_route_table",
      "name": "oke_rt_via_igw",
      "provider": "provider[\"registry.terraform.io/hashicorp/oci\"]",
      "instances": [
        {
          "index_key": 0,
          "schema_version": 0,
          "attributes": {
            "compartment_id": "ocid1.tenancy.oc1..aaaaaaaay54k6twlomunmgr7g3uyk3wjsq2kainrtdxebcjqzvbxvqediuwa",
            "defined_tags": {},
            "display_name": "oke_rt_via_igw",
            "freeform_tags": {},
            "id": "ocid1.routetable.oc1.uk-london-1.aaaaaaaaxzqvqiytay7gvlenuhg4edlesvzxgv3wb4xkrolf4lemz7fp7w3q",
            "route_rules": [
              {
                "cidr_block": "",
                "description": "",
                "destination": "0.0.0.0/0",
                "destination_type": "CIDR_BLOCK",
                "network_entity_id": "ocid1.internetgateway.oc1.uk-london-1.aaaaaaaa5hoph3mj5mxure2quvdosbs5y6a53nkuyrjhvksc2ms7e6fltjsa",
                "route_type": ""
              }
            ],
            "state": "AVAILABLE",
            "time_created": "2024-10-22 13:59:11.72 +0000 UTC",
            "timeouts": null,
            "vcn_id": "ocid1.vcn.oc1.uk-london-1.amaaaaaawldo33iaszglpqgnqzkqaqh3wm7umdcalidmojq3awydcjuszruq"
          },
          "sensitive_attributes": [],
          "private": "eyJlMmJmYjczMC1lY2FhLTExZTYtOGY4OC0zNDM2M2JjN2M0YzAiOnsiY3JlYXRlIjoxMjAwMDAwMDAwMDAwLCJkZWxldGUiOjEyMDAwMDAwMDAwMDAsInVwZGF0ZSI6MTIwMDAwMDAwMDAwMH19",
          "dependencies": [
            "module.oci-oke.oci_core_internet_gateway.oke_igw",
            "module.oci-oke.oci_core_vcn.oke_vcn"
          ]
        }
      ]
    },
    {
      "module": "module.oci-oke",
      "mode": "managed",
      "type": "oci_core_route_table",
      "name": "oke_rt_via_natgw_and_sg",
      "provider": "provider[\"registry.terraform.io/hashicorp/oci\"]",
      "instances": [
        {
          "index_key": 0,
          "schema_version": 0,
          "attributes": {
            "compartment_id": "ocid1.tenancy.oc1..aaaaaaaay54k6twlomunmgr7g3uyk3wjsq2kainrtdxebcjqzvbxvqediuwa",
            "defined_tags": {},
            "display_name": "oke_rt_via_natgw",
            "freeform_tags": {},
            "id": "ocid1.routetable.oc1.uk-london-1.aaaaaaaaizut5rvynomfte2adm4wrzm7mytchcbi5pe4jmer7xkyseswkaga",
            "route_rules": [
              {
                "cidr_block": "",
                "description": "",
                "destination": "0.0.0.0/0",
                "destination_type": "CIDR_BLOCK",
                "network_entity_id": "ocid1.natgateway.oc1.uk-london-1.aaaaaaaa7wvx44bcbbbulpl7qi6sz2plg4n6vral62h464bdox6aj74nftua",
                "route_type": ""
              },
              {
                "cidr_block": "",
                "description": "",
                "destination": "all-lhr-services-in-oracle-services-network",
                "destination_type": "SERVICE_CIDR_BLOCK",
                "network_entity_id": "ocid1.servicegateway.oc1.uk-london-1.aaaaaaaaxyggfjnethty4iy4wtd7t7ekfj3e6yc5bqphknbiyygm6nmrsska",
                "route_type": ""
              }
            ],
            "state": "AVAILABLE",
            "time_created": "2024-10-22 13:59:14.054 +0000 UTC",
            "timeouts": null,
            "vcn_id": "ocid1.vcn.oc1.uk-london-1.amaaaaaawldo33iaszglpqgnqzkqaqh3wm7umdcalidmojq3awydcjuszruq"
          },
          "sensitive_attributes": [],
          "private": "eyJlMmJmYjczMC1lY2FhLTExZTYtOGY4OC0zNDM2M2JjN2M0YzAiOnsiY3JlYXRlIjoxMjAwMDAwMDAwMDAwLCJkZWxldGUiOjEyMDAwMDAwMDAwMDAsInVwZGF0ZSI6MTIwMDAwMDAwMDAwMH19",
          "dependencies": [
            "module.oci-oke.data.oci_core_services.AllOCIServices",
            "module.oci-oke.oci_core_nat_gateway.oke_natgw",
            "module.oci-oke.oci_core_service_gateway.oke_sg",
            "module.oci-oke.oci_core_vcn.oke_vcn"
          ]
        }
      ]
    },
    {
      "module": "module.oci-oke",
      "mode": "managed",
      "type": "oci_core_security_list",
      "name": "oke_api_endpoint_subnet_sec_list",
      "provider": "provider[\"registry.terraform.io/hashicorp/oci\"]",
      "instances": [
        {
          "index_key": 0,
          "schema_version": 0,
          "attributes": {
            "compartment_id": "ocid1.tenancy.oc1..aaaaaaaay54k6twlomunmgr7g3uyk3wjsq2kainrtdxebcjqzvbxvqediuwa",
            "defined_tags": {},
            "display_name": "oke_api_endpoint_subnet_sec_list",
            "egress_security_rules": [
              {
                "description": "",
                "destination": "10.0.1.0/24",
                "destination_type": "CIDR_BLOCK",
                "icmp_options": [
                  {
                    "code": 4,
                    "type": 3
                  }
                ],
                "protocol": "1",
                "stateless": false,
                "tcp_options": [],
                "udp_options": []
              },
              {
                "description": "",
                "destination": "10.0.1.0/24",
                "destination_type": "CIDR_BLOCK",
                "icmp_options": [],
                "protocol": "6",
                "stateless": false,
                "tcp_options": [],
                "udp_options": []
              },
              {
                "description": "",
                "destination": "all-lhr-services-in-oracle-services-network",
                "destination_type": "SERVICE_CIDR_BLOCK",
                "icmp_options": [],
                "protocol": "6",
                "stateless": false,
                "tcp_options": [
                  {
                    "max": 443,
                    "min": 443,
                    "source_port_range": []
                  }
                ],
                "udp_options": []
              }
            ],
            "freeform_tags": {},
            "id": "ocid1.securitylist.oc1.uk-london-1.aaaaaaaab6skjcuotoiwbb26glrfzdoe2e3f3dfryd5hr73ivlclpycpkfta",
            "ingress_security_rules": [
              {
                "description": "",
                "icmp_options": [
                  {
                    "code": 4,
                    "type": 3
                  }
                ],
                "protocol": "1",
                "source": "10.0.1.0/24",
                "source_type": "CIDR_BLOCK",
                "stateless": false,
                "tcp_options": [],
                "udp_options": []
              },
              {
                "description": "",
                "icmp_options": [],
                "protocol": "6",
                "source": "0.0.0.0/0",
                "source_type": "CIDR_BLOCK",
                "stateless": false,
                "tcp_options": [
                  {
                    "max": 6443,
                    "min": 6443,
                    "source_port_range": []
                  }
                ],
                "udp_options": []
              },
              {
                "description": "",
                "icmp_options": [],
                "protocol": "6",
                "source": "10.0.1.0/24",
                "source_type": "CIDR_BLOCK",
                "stateless": false,
                "tcp_options": [
                  {
                    "max": 12250,
                    "min": 12250,
                    "source_port_range": []
                  }
                ],
                "udp_options": []
              },
              {
                "description": "",
                "icmp_options": [],
                "protocol": "6",
                "source": "10.0.1.0/24",
                "source_type": "CIDR_BLOCK",
                "stateless": false,
                "tcp_options": [
                  {
                    "max": 6443,
                    "min": 6443,
                    "source_port_range": []
                  }
                ],
                "udp_options": []
              }
            ],
            "state": "AVAILABLE",
            "time_created": "2024-10-22 13:59:11.27 +0000 UTC",
            "timeouts": null,
            "vcn_id": "ocid1.vcn.oc1.uk-london-1.amaaaaaawldo33iaszglpqgnqzkqaqh3wm7umdcalidmojq3awydcjuszruq"
          },
          "sensitive_attributes": [],
          "private": "eyJlMmJmYjczMC1lY2FhLTExZTYtOGY4OC0zNDM2M2JjN2M0YzAiOnsiY3JlYXRlIjoxMjAwMDAwMDAwMDAwLCJkZWxldGUiOjEyMDAwMDAwMDAwMDAsInVwZGF0ZSI6MTIwMDAwMDAwMDAwMH19",
          "dependencies": [
            "module.oci-oke.data.oci_core_services.AllOCIServices",
            "module.oci-oke.oci_core_vcn.oke_vcn"
          ]
        }
      ]
    },
    {
      "module": "module.oci-oke",
      "mode": "managed",
      "type": "oci_core_security_list",
      "name": "oke_nodepool_subnet_sec_list",
      "provider": "provider[\"registry.terraform.io/hashicorp/oci\"]",
      "instances": [
        {
          "index_key": 0,
          "schema_version": 0,
          "attributes": {
            "compartment_id": "ocid1.tenancy.oc1..aaaaaaaay54k6twlomunmgr7g3uyk3wjsq2kainrtdxebcjqzvbxvqediuwa",
            "defined_tags": {},
            "display_name": "oke_nodepool_subnet_sec_list",
            "egress_security_rules": [
              {
                "description": "",
                "destination": "0.0.0.0/0",
                "destination_type": "CIDR_BLOCK",
                "icmp_options": [
                  {
                    "code": 4,
                    "type": 3
                  }
                ],
                "protocol": "1",
                "stateless": false,
                "tcp_options": [],
                "udp_options": []
              },
              {
                "description": "",
                "destination": "0.0.0.0/0",
                "destination_type": "CIDR_BLOCK",
                "icmp_options": [],
                "protocol": "6",
                "stateless": false,
                "tcp_options": [],
                "udp_options": []
              },
              {
                "description": "",
                "destination": "10.0.1.0/24",
                "destination_type": "CIDR_BLOCK",
                "icmp_options": [],
                "protocol": "all",
                "stateless": false,
                "tcp_options": [],
                "udp_options": []
              },
              {
                "description": "",
                "destination": "10.0.3.0/24",
                "destination_type": "CIDR_BLOCK",
                "icmp_options": [],
                "protocol": "6",
                "stateless": false,
                "tcp_options": [
                  {
                    "max": 12250,
                    "min": 12250,
                    "source_port_range": []
                  }
                ],
                "udp_options": []
              },
              {
                "description": "",
                "destination": "10.0.3.0/24",
                "destination_type": "CIDR_BLOCK",
                "icmp_options": [],
                "protocol": "6",
                "stateless": false,
                "tcp_options": [
                  {
                    "max": 6443,
                    "min": 6443,
                    "source_port_range": []
                  }
                ],
                "udp_options": []
              },
              {
                "description": "",
                "destination": "all-lhr-services-in-oracle-services-network",
                "destination_type": "SERVICE_CIDR_BLOCK",
                "icmp_options": [],
                "protocol": "6",
                "stateless": false,
                "tcp_options": [],
                "udp_options": []
              }
            ],
            "freeform_tags": {},
            "id": "ocid1.securitylist.oc1.uk-london-1.aaaaaaaakze52duy65tgz55l3vaffkqcooekbpadqbo7tuugbt3zaybjz2bq",
            "ingress_security_rules": [
              {
                "description": "",
                "icmp_options": [
                  {
                    "code": 4,
                    "type": 3
                  }
                ],
                "protocol": "1",
                "source": "0.0.0.0/0",
                "source_type": "CIDR_BLOCK",
                "stateless": false,
                "tcp_options": [],
                "udp_options": []
              },
              {
                "description": "",
                "icmp_options": [],
                "protocol": "6",
                "source": "0.0.0.0/0",
                "source_type": "CIDR_BLOCK",
                "stateless": false,
                "tcp_options": [
                  {
                    "max": 22,
                    "min": 22,
                    "source_port_range": []
                  }
                ],
                "udp_options": []
              },
              {
                "description": "",
                "icmp_options": [],
                "protocol": "6",
                "source": "10.0.3.0/24",
                "source_type": "CIDR_BLOCK",
                "stateless": false,
                "tcp_options": [],
                "udp_options": []
              },
              {
                "description": "",
                "icmp_options": [],
                "protocol": "all",
                "source": "10.0.1.0/24",
                "source_type": "CIDR_BLOCK",
                "stateless": false,
                "tcp_options": [],
                "udp_options": []
              }
            ],
            "state": "AVAILABLE",
            "time_created": "2024-10-22 13:59:11.273 +0000 UTC",
            "timeouts": null,
            "vcn_id": "ocid1.vcn.oc1.uk-london-1.amaaaaaawldo33iaszglpqgnqzkqaqh3wm7umdcalidmojq3awydcjuszruq"
          },
          "sensitive_attributes": [],
          "private": "eyJlMmJmYjczMC1lY2FhLTExZTYtOGY4OC0zNDM2M2JjN2M0YzAiOnsiY3JlYXRlIjoxMjAwMDAwMDAwMDAwLCJkZWxldGUiOjEyMDAwMDAwMDAwMDAsInVwZGF0ZSI6MTIwMDAwMDAwMDAwMH19",
          "dependencies": [
            "module.oci-oke.data.oci_core_services.AllOCIServices",
            "module.oci-oke.oci_core_vcn.oke_vcn"
          ]
        }
      ]
    },
    {
      "module": "module.oci-oke",
      "mode": "managed",
      "type": "oci_core_service_gateway",
      "name": "oke_sg",
      "provider": "provider[\"registry.terraform.io/hashicorp/oci\"]",
      "instances": [
        {
          "index_key": 0,
          "schema_version": 0,
          "attributes": {
            "block_traffic": false,
            "compartment_id": "ocid1.tenancy.oc1..aaaaaaaay54k6twlomunmgr7g3uyk3wjsq2kainrtdxebcjqzvbxvqediuwa",
            "defined_tags": {},
            "display_name": "oke_sg",
            "freeform_tags": {},
            "id": "ocid1.servicegateway.oc1.uk-london-1.aaaaaaaaxyggfjnethty4iy4wtd7t7ekfj3e6yc5bqphknbiyygm6nmrsska",
            "route_table_id": null,
            "services": [
              {
                "service_id": "ocid1.service.oc1.uk-london-1.aaaaaaaatwg7f5mnzoapfunl66n2qkp4ormiykqk3hiwksum63gcyjk7ysla",
                "service_name": "All LHR Services In Oracle Services Network"
              }
            ],
            "state": "AVAILABLE",
            "time_created": "2024-10-22 13:59:13.154 +0000 UTC",
            "timeouts": null,
            "vcn_id": "ocid1.vcn.oc1.uk-london-1.amaaaaaawldo33iaszglpqgnqzkqaqh3wm7umdcalidmojq3awydcjuszruq"
          },
          "sensitive_attributes": [],
          "private": "eyJlMmJmYjczMC1lY2FhLTExZTYtOGY4OC0zNDM2M2JjN2M0YzAiOnsiY3JlYXRlIjoxMjAwMDAwMDAwMDAwLCJkZWxldGUiOjEyMDAwMDAwMDAwMDAsInVwZGF0ZSI6MTIwMDAwMDAwMDAwMH19",
          "dependencies": [
            "module.oci-oke.data.oci_core_services.AllOCIServices",
            "module.oci-oke.oci_core_vcn.oke_vcn"
          ]
        }
      ]
    },
    {
      "module": "module.oci-oke",
      "mode": "managed",
      "type": "oci_core_subnet",
      "name": "oke_api_endpoint_subnet",
      "provider": "provider[\"registry.terraform.io/hashicorp/oci\"]",
      "instances": [
        {
          "index_key": 0,
          "schema_version": 0,
          "attributes": {
            "availability_domain": null,
            "cidr_block": "10.0.3.0/24",
            "compartment_id": "ocid1.tenancy.oc1..aaaaaaaay54k6twlomunmgr7g3uyk3wjsq2kainrtdxebcjqzvbxvqediuwa",
            "defined_tags": {
              "Oracle-Tags.CreatedBy": "default/chaitanyasharma04uk@gmail.com",
              "Oracle-Tags.CreatedOn": "2024-11-01T13:57:59.567Z"
            },
            "dhcp_options_id": "ocid1.dhcpoptions.oc1.uk-london-1.aaaaaaaa4ahiov77toj4j7hjgjmmri6lvgin6qocezi6u453smpiq2ok2ffa",
            "display_name": "oke_api_endpoint_subnet",
            "dns_label": null,
            "freeform_tags": {},
            "id": "ocid1.subnet.oc1.uk-london-1.aaaaaaaa5xmvsrrb4e7zdo5a7ulyj7wzxvs26isflk7ywovosizzfcwtpkca",
            "ipv6cidr_block": null,
            "ipv6cidr_blocks": [],
            "ipv6virtual_router_ip": null,
            "prohibit_internet_ingress": true,
            "prohibit_public_ip_on_vnic": true,
            "route_table_id": "ocid1.routetable.oc1.uk-london-1.aaaaaaaaizut5rvynomfte2adm4wrzm7mytchcbi5pe4jmer7xkyseswkaga",
            "security_list_ids": [
              "ocid1.securitylist.oc1.uk-london-1.aaaaaaaab6skjcuotoiwbb26glrfzdoe2e3f3dfryd5hr73ivlclpycpkfta",
              "ocid1.securitylist.oc1.uk-london-1.aaaaaaaay2m7dq5vyluyxm4p4muat4gxexysu6arvn46ppjaey3zgj5pzjya"
            ],
            "state": "AVAILABLE",
            "subnet_domain_name": null,
            "time_created": "2024-11-01 13:57:59.623 +0000 UTC",
            "timeouts": null,
            "vcn_id": "ocid1.vcn.oc1.uk-london-1.amaaaaaawldo33iaszglpqgnqzkqaqh3wm7umdcalidmojq3awydcjuszruq",
            "virtual_router_ip": "10.0.3.1",
            "virtual_router_mac": "00:00:17:71:27:0A"
          },
          "sensitive_attributes": [],
          "private": "eyJlMmJmYjczMC1lY2FhLTExZTYtOGY4OC0zNDM2M2JjN2M0YzAiOnsiY3JlYXRlIjoxMjAwMDAwMDAwMDAwLCJkZWxldGUiOjEyMDAwMDAwMDAwMDAsInVwZGF0ZSI6MTIwMDAwMDAwMDAwMH19",
          "dependencies": [
            "module.oci-oke.oci_core_route_table.oke_rt_via_igw",
            "module.oci-oke.oci_core_route_table.oke_rt_via_natgw_and_sg",
            "module.oci-oke.oci_core_security_list.oke_api_endpoint_subnet_sec_list",
            "module.oci-oke.oci_core_vcn.oke_vcn"
          ]
        }
      ]
    },
    {
      "module": "module.oci-oke",
      "mode": "managed",
      "type": "oci_core_subnet",
      "name": "oke_lb_subnet",
      "provider": "provider[\"registry.terraform.io/hashicorp/oci\"]",
      "instances": [
        {
          "index_key": 0,
          "schema_version": 0,
          "attributes": {
            "availability_domain": null,
            "cidr_block": "10.0.2.0/24",
            "compartment_id": "ocid1.tenancy.oc1..aaaaaaaay54k6twlomunmgr7g3uyk3wjsq2kainrtdxebcjqzvbxvqediuwa",
            "defined_tags": {},
            "dhcp_options_id": "ocid1.dhcpoptions.oc1.uk-london-1.aaaaaaaa4ahiov77toj4j7hjgjmmri6lvgin6qocezi6u453smpiq2ok2ffa",
            "display_name": "oke_lb_subnet",
            "dns_label": null,
            "freeform_tags": {},
            "id": "ocid1.subnet.oc1.uk-london-1.aaaaaaaa4zly2klxjspk6qhwxdydtjpgo5txnarfnmy3pxsnomzninbkg3ha",
            "ipv6cidr_block": null,
            "ipv6cidr_blocks": [],
            "ipv6virtual_router_ip": null,
            "prohibit_internet_ingress": false,
            "prohibit_public_ip_on_vnic": false,
            "route_table_id": "ocid1.routetable.oc1.uk-london-1.aaaaaaaaxzqvqiytay7gvlenuhg4edlesvzxgv3wb4xkrolf4lemz7fp7w3q",
            "security_list_ids": [
              "ocid1.securitylist.oc1.uk-london-1.aaaaaaaay2m7dq5vyluyxm4p4muat4gxexysu6arvn46ppjaey3zgj5pzjya"
            ],
            "state": "AVAILABLE",
            "subnet_domain_name": null,
            "time_created": "2024-10-22 13:59:14.553 +0000 UTC",
            "timeouts": null,
            "vcn_id": "ocid1.vcn.oc1.uk-london-1.amaaaaaawldo33iaszglpqgnqzkqaqh3wm7umdcalidmojq3awydcjuszruq",
            "virtual_router_ip": "10.0.2.1",
            "virtual_router_mac": "00:00:17:71:27:0A"
          },
          "sensitive_attributes": [],
          "private": "eyJlMmJmYjczMC1lY2FhLTExZTYtOGY4OC0zNDM2M2JjN2M0YzAiOnsiY3JlYXRlIjoxMjAwMDAwMDAwMDAwLCJkZWxldGUiOjEyMDAwMDAwMDAwMDAsInVwZGF0ZSI6MTIwMDAwMDAwMDAwMH19",
          "dependencies": [
            "module.oci-oke.data.oci_core_services.AllOCIServices",
            "module.oci-oke.oci_core_internet_gateway.oke_igw",
            "module.oci-oke.oci_core_nat_gateway.oke_natgw",
            "module.oci-oke.oci_core_route_table.oke_rt_via_igw",
            "module.oci-oke.oci_core_route_table.oke_rt_via_natgw_and_sg",
            "module.oci-oke.oci_core_service_gateway.oke_sg",
            "module.oci-oke.oci_core_vcn.oke_vcn"
          ]
        }
      ]
    },
    {
      "module": "module.oci-oke",
      "mode": "managed",
      "type": "oci_core_subnet",
      "name": "oke_nodepool_subnet",
      "provider": "provider[\"registry.terraform.io/hashicorp/oci\"]",
      "instances": [
        {
          "index_key": 0,
          "schema_version": 0,
          "attributes": {
            "availability_domain": null,
            "cidr_block": "10.0.1.0/24",
            "compartment_id": "ocid1.tenancy.oc1..aaaaaaaay54k6twlomunmgr7g3uyk3wjsq2kainrtdxebcjqzvbxvqediuwa",
            "defined_tags": {},
            "dhcp_options_id": "ocid1.dhcpoptions.oc1.uk-london-1.aaaaaaaa4ahiov77toj4j7hjgjmmri6lvgin6qocezi6u453smpiq2ok2ffa",
            "display_name": "oke_nodepool_subnet",
            "dns_label": null,
            "freeform_tags": {},
            "id": "ocid1.subnet.oc1.uk-london-1.aaaaaaaayg3e2ffviwhvcpzfgqwv5j6ie5sbjhfhjuswezjyzycs7e3pbnwa",
            "ipv6cidr_block": null,
            "ipv6cidr_blocks": [],
            "ipv6virtual_router_ip": null,
            "prohibit_internet_ingress": true,
            "prohibit_public_ip_on_vnic": true,
            "route_table_id": "ocid1.routetable.oc1.uk-london-1.aaaaaaaaizut5rvynomfte2adm4wrzm7mytchcbi5pe4jmer7xkyseswkaga",
            "security_list_ids": [
              "ocid1.securitylist.oc1.uk-london-1.aaaaaaaakze52duy65tgz55l3vaffkqcooekbpadqbo7tuugbt3zaybjz2bq",
              "ocid1.securitylist.oc1.uk-london-1.aaaaaaaay2m7dq5vyluyxm4p4muat4gxexysu6arvn46ppjaey3zgj5pzjya"
            ],
            "state": "AVAILABLE",
            "subnet_domain_name": null,
            "time_created": "2024-10-22 13:59:15.076 +0000 UTC",
            "timeouts": null,
            "vcn_id": "ocid1.vcn.oc1.uk-london-1.amaaaaaawldo33iaszglpqgnqzkqaqh3wm7umdcalidmojq3awydcjuszruq",
            "virtual_router_ip": "10.0.1.1",
            "virtual_router_mac": "00:00:17:71:27:0A"
          },
          "sensitive_attributes": [],
          "private": "eyJlMmJmYjczMC1lY2FhLTExZTYtOGY4OC0zNDM2M2JjN2M0YzAiOnsiY3JlYXRlIjoxMjAwMDAwMDAwMDAwLCJkZWxldGUiOjEyMDAwMDAwMDAwMDAsInVwZGF0ZSI6MTIwMDAwMDAwMDAwMH19",
          "dependencies": [
            "module.oci-oke.data.oci_core_services.AllOCIServices",
            "module.oci-oke.oci_core_internet_gateway.oke_igw",
            "module.oci-oke.oci_core_nat_gateway.oke_natgw",
            "module.oci-oke.oci_core_route_table.oke_rt_via_igw",
            "module.oci-oke.oci_core_route_table.oke_rt_via_natgw_and_sg",
            "module.oci-oke.oci_core_security_list.oke_nodepool_subnet_sec_list",
            "module.oci-oke.oci_core_service_gateway.oke_sg",
            "module.oci-oke.oci_core_vcn.oke_vcn"
          ]
        }
      ]
    },
    {
      "module": "module.oci-oke",
      "mode": "managed",
      "type": "oci_core_vcn",
      "name": "oke_vcn",
      "provider": "provider[\"registry.terraform.io/hashicorp/oci\"]",
      "instances": [
        {
          "index_key": 0,
          "schema_version": 0,
          "attributes": {
            "byoipv6cidr_blocks": [],
            "byoipv6cidr_details": [],
            "cidr_block": "10.0.0.0/16",
            "cidr_blocks": [
              "10.0.0.0/16"
            ],
            "compartment_id": "ocid1.tenancy.oc1..aaaaaaaay54k6twlomunmgr7g3uyk3wjsq2kainrtdxebcjqzvbxvqediuwa",
            "default_dhcp_options_id": "ocid1.dhcpoptions.oc1.uk-london-1.aaaaaaaa4ahiov77toj4j7hjgjmmri6lvgin6qocezi6u453smpiq2ok2ffa",
            "default_route_table_id": "ocid1.routetable.oc1.uk-london-1.aaaaaaaawgfdpqfg2yg3hkpjhopbdbnacbxyrp5s736yczjgyg3pnyxewt7q",
            "default_security_list_id": "ocid1.securitylist.oc1.uk-london-1.aaaaaaaay2m7dq5vyluyxm4p4muat4gxexysu6arvn46ppjaey3zgj5pzjya",
            "defined_tags": {},
            "display_name": "oke_vcn",
            "dns_label": null,
            "freeform_tags": {},
            "id": "ocid1.vcn.oc1.uk-london-1.amaaaaaawldo33iaszglpqgnqzkqaqh3wm7umdcalidmojq3awydcjuszruq",
            "ipv6cidr_blocks": [],
            "ipv6private_cidr_blocks": [],
            "is_ipv6enabled": false,
            "is_oracle_gua_allocation_enabled": null,
            "security_attributes": {},
            "state": "AVAILABLE",
            "time_created": "2024-10-22 13:59:10.506 +0000 UTC",
            "timeouts": null,
            "vcn_domain_name": null
          },
          "sensitive_attributes": [],
          "private": "eyJlMmJmYjczMC1lY2FhLTExZTYtOGY4OC0zNDM2M2JjN2M0YzAiOnsiY3JlYXRlIjoxMjAwMDAwMDAwMDAwLCJkZWxldGUiOjEyMDAwMDAwMDAwMDAsInVwZGF0ZSI6MTIwMDAwMDAwMDAwMH19"
        }
      ]
    },
    {
      "module": "module.oci-oke",
      "mode": "managed",
      "type": "tls_private_key",
      "name": "public_private_key_pair",
      "provider": "provider[\"registry.terraform.io/hashicorp/tls\"]",
      "instances": [
        {
          "schema_version": 1,
          "attributes": {
            "algorithm": "RSA",
            "ecdsa_curve": "P224",
            "id": "e2da58aa9a999241df52b4b0e99b56167cf9672c",
            "private_key_openssh": "-----BEGIN OPENSSH PRIVATE KEY-----\nb3BlbnNzaC1rZXktdjEAAAAABG5vbmUAAAAEbm9uZQAAAAAAAAABAAABFwAAAAdz\nc2gtcnNhAAAAAwEAAQAAAQEApDCnopURO5y8QTtB/eZAPy++jv/BFvfboAo/JM0/\ns8Xx1xu9J3VXgAmtkkDsHI7JKr4TYkLmpsMApmhjTfXYzLNv5FDayeueYjVyuj+q\n72eUfZPXbfo+cFH2RLaaSLTf+BgHohuKeUkRQCdHzT0xqwatMa0AYVZLbBQIRqWa\nRz67vOY8IsCnH/WOUnxnqWTRVFE6jJBOBRDnKRHQlBPrEqdNkyuP0eclwcY4gm4k\nHHEVt2CWSlywTWr/4ziWfCHS4SvEyV0qOq17H8fCAt7gnoAfiN5rvWZWx+EUp74v\nVgIsKu2MM0kASS0egUzuqRrSJvhQWcs85jY/hm5CGNvNZQAAA7hHS/SBR0v0gQAA\nAAdzc2gtcnNhAAABAQCkMKeilRE7nLxBO0H95kA/L76O/8EW99ugCj8kzT+zxfHX\nG70ndVeACa2SQOwcjskqvhNiQuamwwCmaGNN9djMs2/kUNrJ655iNXK6P6rvZ5R9\nk9dt+j5wUfZEtppItN/4GAeiG4p5SRFAJ0fNPTGrBq0xrQBhVktsFAhGpZpHPru8\n5jwiwKcf9Y5SfGepZNFUUTqMkE4FEOcpEdCUE+sSp02TK4/R5yXBxjiCbiQccRW3\nYJZKXLBNav/jOJZ8IdLhK8TJXSo6rXsfx8IC3uCegB+I3mu9ZlbH4RSnvi9WAiwq\n7YwzSQBJLR6BTO6pGtIm+FBZyzzmNj+GbkIY281lAAAAAwEAAQAAAQB5EZt6yhqT\n72XtX8mwc8jqDsWf4jy6N/fNkeCvvVz8rbg/Wqfm4aKsufYwAwlXoX36s3/Nk/FK\nBD6FdjHLeb3sa1/VZj1+aOw4FJtNdMcRkzouQwa2hLDn17gVQOSROjZwVR/DzDUW\na+d5e715PGdUai7pk1zVaXFh93+GwHP7lbr6P1NlzMjm5CKLv4ilaNr4L5Cy/QMz\n5aPRliQ6shk0kpuPEJyBHLpVc7QK8nh3iZLByc0m6zVjPaDxuDMfs7Ax6OyvrFTi\nk4bzYN2KfffDhun+jHmIrVo3tX7p9qJw/LLbj254w1EpXwrEaTbmWppBPmU4Oc5P\nU1xCynUlSPXhAAAAgQC5iMF88/8rL00GiesN8sRBSyY2ArUU2OGL7WFLHkZJGXjM\nVW1FflQUkb1UCw7C+ZjZZAUg2OgPGb5Hj6W33JTw6wKHADATk4rQJpHXcu/vjXzj\n8NlRU2r4jyfF2euduE7uHEuvX8AuTEOyTTwBY1szkzioEVcSakS/3JnL15Pa8AAA\nAIEA1ShFl8ce6MG2wkYwmI1Lgu44crBK7g3eIezCmS1u2etFaP8FaPt+ZfkaSBhw\nKNeE31rGz/ZsgP5WXhhMp5Kc42KPmBd84zx+6OLMOb+CgZckWitjfiiKq1h+CSo1\n9kG9lKiL7eqFoxGfI+LfhHaGxndW40kjOSgUoEk4ECKbIKkAAACBAMUw1mnFyWhG\nhIvldx0cJNTelFrzxEu60u4i2ECRAcM4IkvOjXyBGlVuVs0KFuH5SmOdtXhd17LD\nXCAoE6eLlet0aWv1k90c6maSW4MeDapYcXS9lvDL1fWln7VJno4QKAdaco82P+cT\nGKvSbA/1IV5CKmUUGB89u64HYV6t33BdAAAAAAEC\n-----END OPENSSH PRIVATE KEY-----\n",
            "private_key_pem": "-----BEGIN RSA PRIVATE KEY-----\nMIIEpQIBAAKCAQEApDCnopURO5y8QTtB/eZAPy++jv/BFvfboAo/JM0/s8Xx1xu9\nJ3VXgAmtkkDsHI7JKr4TYkLmpsMApmhjTfXYzLNv5FDayeueYjVyuj+q72eUfZPX\nbfo+cFH2RLaaSLTf+BgHohuKeUkRQCdHzT0xqwatMa0AYVZLbBQIRqWaRz67vOY8\nIsCnH/WOUnxnqWTRVFE6jJBOBRDnKRHQlBPrEqdNkyuP0eclwcY4gm4kHHEVt2CW\nSlywTWr/4ziWfCHS4SvEyV0qOq17H8fCAt7gnoAfiN5rvWZWx+EUp74vVgIsKu2M\nM0kASS0egUzuqRrSJvhQWcs85jY/hm5CGNvNZQIDAQABAoIBAHkRm3rKGpPvZe1f\nybBzyOoOxZ/iPLo3982R4K+9XPytuD9ap+bhoqy59jADCVehffqzf82T8UoEPoV2\nMct5vexrX9VmPX5o7DgUm010xxGTOi5DBraEsOfXuBVA5JE6NnBVH8PMNRZr53l7\nvXk8Z1RqLumTXNVpcWH3f4bAc/uVuvo/U2XMyObkIou/iKVo2vgvkLL9AzPlo9GW\nJDqyGTSSm48QnIEculVztAryeHeJksHJzSbrNWM9oPG4Mx+zsDHo7K+sVOKThvNg\n3Yp998OG6f6MeYitWje1fun2onD8stuPbnjDUSlfCsRpNuZamkE+ZTg5zk9TXELK\ndSVI9eECgYEA1ShFl8ce6MG2wkYwmI1Lgu44crBK7g3eIezCmS1u2etFaP8FaPt+\nZfkaSBhwKNeE31rGz/ZsgP5WXhhMp5Kc42KPmBd84zx+6OLMOb+CgZckWitjfiiK\nq1h+CSo19kG9lKiL7eqFoxGfI+LfhHaGxndW40kjOSgUoEk4ECKbIKkCgYEAxTDW\nacXJaEaEi+V3HRwk1N6UWvPES7rS7iLYQJEBwzgiS86NfIEaVW5WzQoW4flKY521\neF3XssNcICgTp4uV63Rpa/WT3RzqZpJbgx4NqlhxdL2W8MvV9aWftUmejhAoB1py\njzY/5xMYq9JsD/UhXkIqZRQYHz27rgdhXq3fcF0CgYEAgiJ7EmW7xih19ne5tXkV\n79KWXdapeFq5Egck6zWkpqCPmMGRQP3Btmn1lKxu1VB2y5H1LQPqTHp6qim1qtzE\nscH7nsRAN884P+AvBNaZy5pF1FMHA/+mYWO+VsQRe824+2hHPbJfciYQ/WzGP23J\nbKNxRYPiYEPLC+yHsLof8TkCgYEAvXqmLVEOrZJFPyApiuFGSv3t1E+0aYiFsqns\n3m34IZxI6Er8DY0IvtqdsbxmLJGc94fNnnGeGHo8hfG8oRwx3OQpgMGjaa6lVhaA\ntMcmHm+J5cFfztYvLDIP+uVY4+2GaTpyJkbctK/W3xP9HoBPpgEyN5pNa4eoVhtl\nZtLwh0kCgYEAuYjBfPP/Ky9NBonrDfLEQUsmNgK1FNjhi+1hSx5GSRl4zFVtRX5U\nFJG9VAsOwvmY2WQFINjoDxm+R4+lt9yU8OsChwAwE5OK0CaR13Lv74184/DZUVNq\n+I8nxdnrnbhO7hxLr1/ALkxDsk08AWNbM5M4qBFXEmpEv9yZy9eT2vA=\n-----END RSA PRIVATE KEY-----\n",
            "private_key_pem_pkcs8": "-----BEGIN PRIVATE KEY-----\nMIIEvwIBADANBgkqhkiG9w0BAQEFAASCBKkwggSlAgEAAoIBAQCkMKeilRE7nLxB\nO0H95kA/L76O/8EW99ugCj8kzT+zxfHXG70ndVeACa2SQOwcjskqvhNiQuamwwCm\naGNN9djMs2/kUNrJ655iNXK6P6rvZ5R9k9dt+j5wUfZEtppItN/4GAeiG4p5SRFA\nJ0fNPTGrBq0xrQBhVktsFAhGpZpHPru85jwiwKcf9Y5SfGepZNFUUTqMkE4FEOcp\nEdCUE+sSp02TK4/R5yXBxjiCbiQccRW3YJZKXLBNav/jOJZ8IdLhK8TJXSo6rXsf\nx8IC3uCegB+I3mu9ZlbH4RSnvi9WAiwq7YwzSQBJLR6BTO6pGtIm+FBZyzzmNj+G\nbkIY281lAgMBAAECggEAeRGbesoak+9l7V/JsHPI6g7Fn+I8ujf3zZHgr71c/K24\nP1qn5uGirLn2MAMJV6F9+rN/zZPxSgQ+hXYxy3m97Gtf1WY9fmjsOBSbTXTHEZM6\nLkMGtoSw59e4FUDkkTo2cFUfw8w1FmvneXu9eTxnVGou6ZNc1WlxYfd/hsBz+5W6\n+j9TZczI5uQii7+IpWja+C+Qsv0DM+Wj0ZYkOrIZNJKbjxCcgRy6VXO0CvJ4d4mS\nwcnNJus1Yz2g8bgzH7OwMejsr6xU4pOG82Ddin33w4bp/ox5iK1aN7V+6faicPyy\n249ueMNRKV8KxGk25lqaQT5lODnOT1NcQsp1JUj14QKBgQDVKEWXxx7owbbCRjCY\njUuC7jhysEruDd4h7MKZLW7Z60Vo/wVo+35l+RpIGHAo14TfWsbP9myA/lZeGEyn\nkpzjYo+YF3zjPH7o4sw5v4KBlyRaK2N+KIqrWH4JKjX2Qb2UqIvt6oWjEZ8j4t+E\ndobGd1bjSSM5KBSgSTgQIpsgqQKBgQDFMNZpxcloRoSL5XcdHCTU3pRa88RLutLu\nIthAkQHDOCJLzo18gRpVblbNChbh+UpjnbV4Xdeyw1wgKBOni5XrdGlr9ZPdHOpm\nkluDHg2qWHF0vZbwy9X1pZ+1SZ6OECgHWnKPNj/nExir0mwP9SFeQiplFBgfPbuu\nB2Ferd9wXQKBgQCCInsSZbvGKHX2d7m1eRXv0pZd1ql4WrkSByTrNaSmoI+YwZFA\n/cG2afWUrG7VUHbLkfUtA+pMenqqKbWq3MSxwfuexEA3zzg/4C8E1pnLmkXUUwcD\n/6ZhY75WxBF7zbj7aEc9sl9yJhD9bMY/bclso3FFg+JgQ8sL7Iewuh/xOQKBgQC9\neqYtUQ6tkkU/ICmK4UZK/e3UT7RpiIWyqezebfghnEjoSvwNjQi+2p2xvGYskZz3\nh82ecZ4YejyF8byhHDHc5CmAwaNprqVWFoC0xyYeb4nlwV/O1i8sMg/65Vjj7YZp\nOnImRty0r9bfE/0egE+mATI3mk1rh6hWG2Vm0vCHSQKBgQC5iMF88/8rL00GiesN\n8sRBSyY2ArUU2OGL7WFLHkZJGXjMVW1FflQUkb1UCw7C+ZjZZAUg2OgPGb5Hj6W3\n3JTw6wKHADATk4rQJpHXcu/vjXzj8NlRU2r4jyfF2euduE7uHEuvX8AuTEOyTTwB\nY1szkzioEVcSakS/3JnL15Pa8A==\n-----END PRIVATE KEY-----\n",
            "public_key_fingerprint_md5": "ff:84:d6:80:fd:0c:26:3c:61:af:46:42:d6:c9:ba:04",
            "public_key_fingerprint_sha256": "SHA256:lCOuI/UDCUFsUDXLA0LX4kM9qXxXjzyKZBGmXuXlLW0",
            "public_key_openssh": "ssh-rsa AAAAB3NzaC1yc2EAAAADAQABAAABAQCkMKeilRE7nLxBO0H95kA/L76O/8EW99ugCj8kzT+zxfHXG70ndVeACa2SQOwcjskqvhNiQuamwwCmaGNN9djMs2/kUNrJ655iNXK6P6rvZ5R9k9dt+j5wUfZEtppItN/4GAeiG4p5SRFAJ0fNPTGrBq0xrQBhVktsFAhGpZpHPru85jwiwKcf9Y5SfGepZNFUUTqMkE4FEOcpEdCUE+sSp02TK4/R5yXBxjiCbiQccRW3YJZKXLBNav/jOJZ8IdLhK8TJXSo6rXsfx8IC3uCegB+I3mu9ZlbH4RSnvi9WAiwq7YwzSQBJLR6BTO6pGtIm+FBZyzzmNj+GbkIY281l\n",
            "public_key_pem": "-----BEGIN PUBLIC KEY-----\nMIIBIjANBgkqhkiG9w0BAQEFAAOCAQ8AMIIBCgKCAQEApDCnopURO5y8QTtB/eZA\nPy++jv/BFvfboAo/JM0/s8Xx1xu9J3VXgAmtkkDsHI7JKr4TYkLmpsMApmhjTfXY\nzLNv5FDayeueYjVyuj+q72eUfZPXbfo+cFH2RLaaSLTf+BgHohuKeUkRQCdHzT0x\nqwatMa0AYVZLbBQIRqWaRz67vOY8IsCnH/WOUnxnqWTRVFE6jJBOBRDnKRHQlBPr\nEqdNkyuP0eclwcY4gm4kHHEVt2CWSlywTWr/4ziWfCHS4SvEyV0qOq17H8fCAt7g\nnoAfiN5rvWZWx+EUp74vVgIsKu2MM0kASS0egUzuqRrSJvhQWcs85jY/hm5CGNvN\nZQIDAQAB\n-----END PUBLIC KEY-----\n",
            "rsa_bits": 2048
          },
          "sensitive_attributes": []
        }
      ]
    }
  ],
  "check_results": null
}
